// !$*UTF8*$!
{
	archiveVersion = 1;
	classes = {
	};
	objectVersion = 51;
	objects = {

/* Begin PBXBuildFile section */
		CB16403B24C6FA6600598663 /* hahahahViewController.m in Sources */ = {isa = PBXBuildFile; fileRef = CB16403A24C6FA6600598663 /* hahahahViewController.m */; };
		CB16403D24C6FABE00598663 /* hahahahViewController.cpp in Sources */ = {isa = PBXBuildFile; fileRef = CB16403C24C6FABE00598663 /* hahahahViewController.cpp */; };
		CB17E21423A889EC00AF6CAC /* NSObject+SafeTool.m in Sources */ = {isa = PBXBuildFile; fileRef = CB17E21223A889EC00AF6CAC /* NSObject+SafeTool.m */; };
		CB2374F3249CC16A00B34EFA /* NSObject+SelectorDefender.m in Sources */ = {isa = PBXBuildFile; fileRef = CB2374F0249CC16900B34EFA /* NSObject+SelectorDefender.m */; };
		CB2374F4249CC16A00B34EFA /* NSObject+MethodSwizzling.m in Sources */ = {isa = PBXBuildFile; fileRef = CB2374F2249CC16A00B34EFA /* NSObject+MethodSwizzling.m */; };
		CB2374F724A1A1EA00B34EFA /* PermanentThreadManagement.m in Sources */ = {isa = PBXBuildFile; fileRef = CB2374F624A1A1EA00B34EFA /* PermanentThreadManagement.m */; };
		CB2374F924A1A37800B34EFA /* noVoice.mp3 in Resources */ = {isa = PBXBuildFile; fileRef = CB2374F824A1A37800B34EFA /* noVoice.mp3 */; };
		CB2374FD24A2F18F00B34EFA /* ThreadManager.m in Sources */ = {isa = PBXBuildFile; fileRef = CB2374FB24A2F18F00B34EFA /* ThreadManager.m */; };
		CB23750024A2F2F400B34EFA /* NSObject+function.m in Sources */ = {isa = PBXBuildFile; fileRef = CB2374FF24A2F2F400B34EFA /* NSObject+function.m */; };
		CB23750624A8308400B34EFA /* ResponderViewController.m in Sources */ = {isa = PBXBuildFile; fileRef = CB23750524A8308400B34EFA /* ResponderViewController.m */; };
		CB23751C24AAD2CE00B34EFA /* PJHahaha.m in Sources */ = {isa = PBXBuildFile; fileRef = CB23751B24AAD2CE00B34EFA /* PJHahaha.m */; };
		CB23757924AC22FC00B34EFA /* KVOKController.m in Sources */ = {isa = PBXBuildFile; fileRef = CB23757824AC22FC00B34EFA /* KVOKController.m */; };
		CB23757C24AC231600B34EFA /* KVOKObject.m in Sources */ = {isa = PBXBuildFile; fileRef = CB23757B24AC231600B34EFA /* KVOKObject.m */; };
		CB3918732394AAB100CDD448 /* AppDelegate.m in Sources */ = {isa = PBXBuildFile; fileRef = CB3918722394AAB100CDD448 /* AppDelegate.m */; };
		CB39187C2394AAB100CDD448 /* Main.storyboard in Resources */ = {isa = PBXBuildFile; fileRef = CB39187A2394AAB100CDD448 /* Main.storyboard */; };
		CB39187E2394AAB300CDD448 /* Assets.xcassets in Resources */ = {isa = PBXBuildFile; fileRef = CB39187D2394AAB300CDD448 /* Assets.xcassets */; };
		CB3918812394AAB300CDD448 /* LaunchScreen.storyboard in Resources */ = {isa = PBXBuildFile; fileRef = CB39187F2394AAB300CDD448 /* LaunchScreen.storyboard */; };
		CB3918842394AAB300CDD448 /* main.m in Sources */ = {isa = PBXBuildFile; fileRef = CB3918832394AAB300CDD448 /* main.m */; };
		CB3918F52394B58800CDD448 /* UILabel+PJMasonryKit.m in Sources */ = {isa = PBXBuildFile; fileRef = CB3918962394B58700CDD448 /* UILabel+PJMasonryKit.m */; };
		CB3918F62394B58800CDD448 /* UITextField+PJMasonryKit.m in Sources */ = {isa = PBXBuildFile; fileRef = CB3918982394B58700CDD448 /* UITextField+PJMasonryKit.m */; };
		CB3918F72394B58800CDD448 /* UIView+PJMasonryKit.m in Sources */ = {isa = PBXBuildFile; fileRef = CB3918992394B58700CDD448 /* UIView+PJMasonryKit.m */; };
		CB3918F82394B58800CDD448 /* UIImageView+PJMasonryKit.m in Sources */ = {isa = PBXBuildFile; fileRef = CB39189A2394B58700CDD448 /* UIImageView+PJMasonryKit.m */; };
		CB3918F92394B58800CDD448 /* UIGestureRecognizer+PJHelperBlockKit.m in Sources */ = {isa = PBXBuildFile; fileRef = CB3918A02394B58700CDD448 /* UIGestureRecognizer+PJHelperBlockKit.m */; };
		CB3918FA2394B58800CDD448 /* UIControl+PJHelperBlockKit.m in Sources */ = {isa = PBXBuildFile; fileRef = CB3918A52394B58700CDD448 /* UIControl+PJHelperBlockKit.m */; };
		CB3918FB2394B58800CDD448 /* UIView+PJHelperBlockKit.m in Sources */ = {isa = PBXBuildFile; fileRef = CB3918A72394B58700CDD448 /* UIView+PJHelperBlockKit.m */; };
		CB3918FC2394B58800CDD448 /* UIButton+PJHelperBlocksKit.m in Sources */ = {isa = PBXBuildFile; fileRef = CB3918A82394B58700CDD448 /* UIButton+PJHelperBlocksKit.m */; };
		CB3918FD2394B58800CDD448 /* UISlider+PJHelperBlocksKit.m in Sources */ = {isa = PBXBuildFile; fileRef = CB3918A92394B58700CDD448 /* UISlider+PJHelperBlocksKit.m */; };
		CB3918FE2394B58800CDD448 /* PJCommonKit.m in Sources */ = {isa = PBXBuildFile; fileRef = CB3918AD2394B58700CDD448 /* PJCommonKit.m */; };
		CB3918FF2394B58800CDD448 /* UIView+MBLayout.m in Sources */ = {isa = PBXBuildFile; fileRef = CB3918AF2394B58700CDD448 /* UIView+MBLayout.m */; };
		CB3919012394B58800CDD448 /* UIImage+Extension.m in Sources */ = {isa = PBXBuildFile; fileRef = CB3918B22394B58700CDD448 /* UIImage+Extension.m */; };
		CB3919022394B58800CDD448 /* UIBarButtonItem+Extension.m in Sources */ = {isa = PBXBuildFile; fileRef = CB3918B62394B58700CDD448 /* UIBarButtonItem+Extension.m */; };
		CB3919072394B58800CDD448 /* big_stop_ic@2x.png in Resources */ = {isa = PBXBuildFile; fileRef = CB3918C22394B58800CDD448 /* big_stop_ic@2x.png */; };
		CB3919082394B58800CDD448 /* unlockButton.png in Resources */ = {isa = PBXBuildFile; fileRef = CB3918C32394B58800CDD448 /* unlockButton.png */; };
		CB3919092394B58800CDD448 /* big_stop_ic.png in Resources */ = {isa = PBXBuildFile; fileRef = CB3918C42394B58800CDD448 /* big_stop_ic.png */; };
		CB39190A2394B58800CDD448 /* lastButton.png in Resources */ = {isa = PBXBuildFile; fileRef = CB3918C52394B58800CDD448 /* lastButton.png */; };
		CB39190B2394B58800CDD448 /* pauseButton.png in Resources */ = {isa = PBXBuildFile; fileRef = CB3918C62394B58800CDD448 /* pauseButton.png */; };
		CB39190C2394B58800CDD448 /* lockButton@2x.png in Resources */ = {isa = PBXBuildFile; fileRef = CB3918C72394B58800CDD448 /* lockButton@2x.png */; };
		CB39190D2394B58800CDD448 /* lockButton.png in Resources */ = {isa = PBXBuildFile; fileRef = CB3918C82394B58800CDD448 /* lockButton.png */; };
		CB39190E2394B58800CDD448 /* unlockButton@2x.png in Resources */ = {isa = PBXBuildFile; fileRef = CB3918C92394B58800CDD448 /* unlockButton@2x.png */; };
		CB39190F2394B58800CDD448 /* fullScreen@2x.png in Resources */ = {isa = PBXBuildFile; fileRef = CB3918CA2394B58800CDD448 /* fullScreen@2x.png */; };
		CB3919102394B58800CDD448 /* download_ic@2x.png in Resources */ = {isa = PBXBuildFile; fileRef = CB3918CB2394B58800CDD448 /* download_ic@2x.png */; };
		CB3919112394B58800CDD448 /* download_ic.png in Resources */ = {isa = PBXBuildFile; fileRef = CB3918CC2394B58800CDD448 /* download_ic.png */; };
		CB3919122394B58800CDD448 /* fullScreen@3x.png in Resources */ = {isa = PBXBuildFile; fileRef = CB3918CD2394B58800CDD448 /* fullScreen@3x.png */; };
		CB3919132394B58800CDD448 /* nextButton@2x.png in Resources */ = {isa = PBXBuildFile; fileRef = CB3918CE2394B58800CDD448 /* nextButton@2x.png */; };
		CB3919142394B58800CDD448 /* lastButton@2x.png in Resources */ = {isa = PBXBuildFile; fileRef = CB3918CF2394B58800CDD448 /* lastButton@2x.png */; };
		CB3919152394B58800CDD448 /* moreButton@2x.png in Resources */ = {isa = PBXBuildFile; fileRef = CB3918D02394B58800CDD448 /* moreButton@2x.png */; };
		CB3919162394B58800CDD448 /* nextButton.png in Resources */ = {isa = PBXBuildFile; fileRef = CB3918D12394B58800CDD448 /* nextButton.png */; };
		CB3919172394B58800CDD448 /* playerBackButton@2x.png in Resources */ = {isa = PBXBuildFile; fileRef = CB3918D22394B58800CDD448 /* playerBackButton@2x.png */; };
		CB3919182394B58800CDD448 /* playButton@2x.png in Resources */ = {isa = PBXBuildFile; fileRef = CB3918D32394B58800CDD448 /* playButton@2x.png */; };
		CB3919192394B58800CDD448 /* moreButton.png in Resources */ = {isa = PBXBuildFile; fileRef = CB3918D42394B58800CDD448 /* moreButton.png */; };
		CB39191A2394B58800CDD448 /* pauseButton@2x.png in Resources */ = {isa = PBXBuildFile; fileRef = CB3918D52394B58800CDD448 /* pauseButton@2x.png */; };
		CB39191B2394B58800CDD448 /* playButton.png in Resources */ = {isa = PBXBuildFile; fileRef = CB3918D62394B58800CDD448 /* playButton.png */; };
		CB39191C2394B58800CDD448 /* BootDiagram.jpg in Resources */ = {isa = PBXBuildFile; fileRef = CB3918D72394B58800CDD448 /* BootDiagram.jpg */; };
		CB39191D2394B58800CDD448 /* playerBackButton.png in Resources */ = {isa = PBXBuildFile; fileRef = CB3918D82394B58800CDD448 /* playerBackButton.png */; };
		CB39191E2394B58800CDD448 /* iosxx_1_on@3x.png in Resources */ = {isa = PBXBuildFile; fileRef = CB3918DA2394B58800CDD448 /* iosxx_1_on@3x.png */; };
		CB39191F2394B58800CDD448 /* iosxx_1_on@2x.png in Resources */ = {isa = PBXBuildFile; fileRef = CB3918DB2394B58800CDD448 /* iosxx_1_on@2x.png */; };
		CB3919202394B58800CDD448 /* iosxx_1@2x.png in Resources */ = {isa = PBXBuildFile; fileRef = CB3918DC2394B58800CDD448 /* iosxx_1@2x.png */; };
		CB3919212394B58800CDD448 /* iosxx_3@3x.png in Resources */ = {isa = PBXBuildFile; fileRef = CB3918DD2394B58800CDD448 /* iosxx_3@3x.png */; };
		CB3919222394B58800CDD448 /* iosxx_3@2x.png in Resources */ = {isa = PBXBuildFile; fileRef = CB3918DE2394B58800CDD448 /* iosxx_3@2x.png */; };
		CB3919232394B58800CDD448 /* iosxx_1@3x.png in Resources */ = {isa = PBXBuildFile; fileRef = CB3918DF2394B58800CDD448 /* iosxx_1@3x.png */; };
		CB3919242394B58800CDD448 /* iosxx_3_on@3x.png in Resources */ = {isa = PBXBuildFile; fileRef = CB3918E02394B58800CDD448 /* iosxx_3_on@3x.png */; };
		CB3919252394B58800CDD448 /* iosxx_4@3x.png in Resources */ = {isa = PBXBuildFile; fileRef = CB3918E12394B58800CDD448 /* iosxx_4@3x.png */; };
		CB3919262394B58800CDD448 /* iosxx_4@2x.png in Resources */ = {isa = PBXBuildFile; fileRef = CB3918E22394B58800CDD448 /* iosxx_4@2x.png */; };
		CB3919272394B58800CDD448 /* iosxx_3_on@2x.png in Resources */ = {isa = PBXBuildFile; fileRef = CB3918E32394B58800CDD448 /* iosxx_3_on@2x.png */; };
		CB3919282394B58800CDD448 /* iosxx_2_on@3x.png in Resources */ = {isa = PBXBuildFile; fileRef = CB3918E42394B58800CDD448 /* iosxx_2_on@3x.png */; };
		CB3919292394B58800CDD448 /* iosxx_2@3x.png in Resources */ = {isa = PBXBuildFile; fileRef = CB3918E52394B58800CDD448 /* iosxx_2@3x.png */; };
		CB39192A2394B58800CDD448 /* iosxx_4_on@2x.png in Resources */ = {isa = PBXBuildFile; fileRef = CB3918E62394B58800CDD448 /* iosxx_4_on@2x.png */; };
		CB39192B2394B58800CDD448 /* iosxx_4_on@3x.png in Resources */ = {isa = PBXBuildFile; fileRef = CB3918E72394B58800CDD448 /* iosxx_4_on@3x.png */; };
		CB39192C2394B58800CDD448 /* iosxx_2@2x.png in Resources */ = {isa = PBXBuildFile; fileRef = CB3918E82394B58800CDD448 /* iosxx_2@2x.png */; };
		CB39192D2394B58800CDD448 /* iosxx_2_on@2x.png in Resources */ = {isa = PBXBuildFile; fileRef = CB3918E92394B58800CDD448 /* iosxx_2_on@2x.png */; };
		CB39192E2394B58800CDD448 /* PJNavigationBaseController.m in Sources */ = {isa = PBXBuildFile; fileRef = CB3918EF2394B58800CDD448 /* PJNavigationBaseController.m */; };
		CB3919302394B58800CDD448 /* PJTabBarBaseController.m in Sources */ = {isa = PBXBuildFile; fileRef = CB3918F12394B58800CDD448 /* PJTabBarBaseController.m */; };
		CB46087924ACD7AA00AB7CF1 /* MemoryManagerController.m in Sources */ = {isa = PBXBuildFile; fileRef = CB46087824ACD7AA00AB7CF1 /* MemoryManagerController.m */; };
		CB46087F24AF073500AB7CF1 /* BlockViewController.m in Sources */ = {isa = PBXBuildFile; fileRef = CB46087E24AF073500AB7CF1 /* BlockViewController.m */; };
		CB46088224AF1FE600AB7CF1 /* shareInstanceTest.m in Sources */ = {isa = PBXBuildFile; fileRef = CB46088124AF1FE600AB7CF1 /* shareInstanceTest.m */; };
		CB46089624B3217A00AB7CF1 /* NSObject+function1.m in Sources */ = {isa = PBXBuildFile; fileRef = CB46089524B3217A00AB7CF1 /* NSObject+function1.m */; };
		CB46089924B3218900AB7CF1 /* NSObject+function2.m in Sources */ = {isa = PBXBuildFile; fileRef = CB46089824B3218900AB7CF1 /* NSObject+function2.m */; };
		CB46089C24B326EC00AB7CF1 /* NSObject+function3.m in Sources */ = {isa = PBXBuildFile; fileRef = CB46089B24B326EC00AB7CF1 /* NSObject+function3.m */; };
		CB4608A324B44EDF00AB7CF1 /* index.html in Resources */ = {isa = PBXBuildFile; fileRef = CB46089E24B44EDF00AB7CF1 /* index.html */; };
		CB4608A524B44EDF00AB7CF1 /* WKWebView+Extension.m in Sources */ = {isa = PBXBuildFile; fileRef = CB4608A024B44EDF00AB7CF1 /* WKWebView+Extension.m */; };
		CB4608AB24B44F2F00AB7CF1 /* NSObject+KVOGoalkeeper.m in Sources */ = {isa = PBXBuildFile; fileRef = CB4608A924B44F2F00AB7CF1 /* NSObject+KVOGoalkeeper.m */; };
		CB4608BA24B4775900AB7CF1 /* XHWKWebview.m in Sources */ = {isa = PBXBuildFile; fileRef = CB4608B824B4775800AB7CF1 /* XHWKWebview.m */; };
		CB4AA54A23A4DFBA00CF12E9 /* DemoTestViewController.m in Sources */ = {isa = PBXBuildFile; fileRef = CB4AA54923A4DFBA00CF12E9 /* DemoTestViewController.m */; };
		CB4AA54E23A4E1A500CF12E9 /* PJNSOperationViewController.m in Sources */ = {isa = PBXBuildFile; fileRef = CB4AA54D23A4E1A500CF12E9 /* PJNSOperationViewController.m */; };
		CB4AA55323A4E20600CF12E9 /* TestTableViewCell.m in Sources */ = {isa = PBXBuildFile; fileRef = CB4AA55023A4E20600CF12E9 /* TestTableViewCell.m */; };
		CB4AA55723A4E21600CF12E9 /* PJTableViewViewController.m in Sources */ = {isa = PBXBuildFile; fileRef = CB4AA55623A4E21600CF12E9 /* PJTableViewViewController.m */; };
		CB4AA55A23A4E30100CF12E9 /* RuntimeViewController.m in Sources */ = {isa = PBXBuildFile; fileRef = CB4AA55923A4E30100CF12E9 /* RuntimeViewController.m */; };
		CB4AA55F23A4E37100CF12E9 /* release_homework.jpg in Resources */ = {isa = PBXBuildFile; fileRef = CB4AA55E23A4E37100CF12E9 /* release_homework.jpg */; };
		CB4AA56623A4E49000CF12E9 /* PJThread.m in Sources */ = {isa = PBXBuildFile; fileRef = CB4AA56223A4E49000CF12E9 /* PJThread.m */; };
		CB4AA56723A4E49000CF12E9 /* PJDog.m in Sources */ = {isa = PBXBuildFile; fileRef = CB4AA56423A4E49000CF12E9 /* PJDog.m */; };
		CB4AA56823A4E49000CF12E9 /* PJPerson.m in Sources */ = {isa = PBXBuildFile; fileRef = CB4AA56523A4E49000CF12E9 /* PJPerson.m */; };
		CB4AA56C23A4E51200CF12E9 /* FCViewController.m in Sources */ = {isa = PBXBuildFile; fileRef = CB4AA56B23A4E51200CF12E9 /* FCViewController.m */; };
		CB4AA57123A4E57C00CF12E9 /* Person.m in Sources */ = {isa = PBXBuildFile; fileRef = CB4AA56E23A4E57C00CF12E9 /* Person.m */; };
		CB4AA57223A4E57C00CF12E9 /* FCSanboxFileModel.m in Sources */ = {isa = PBXBuildFile; fileRef = CB4AA56F23A4E57C00CF12E9 /* FCSanboxFileModel.m */; };
		CB4AA57423A4E58100CF12E9 /* music.mp3 in Resources */ = {isa = PBXBuildFile; fileRef = CB4AA57323A4E58100CF12E9 /* music.mp3 */; };
		CB91CD2F2395056100C4D7EA /* ViewControllerHelper.m in Sources */ = {isa = PBXBuildFile; fileRef = CB91CD2E2395056100C4D7EA /* ViewControllerHelper.m */; };
		CB91CD32239505A000C4D7EA /* ViewControllerModel.m in Sources */ = {isa = PBXBuildFile; fileRef = CB91CD31239505A000C4D7EA /* ViewControllerModel.m */; };
		CB91F5552394B8A2009756B5 /* PJKnowledgeNotesMainTabBarManger.m in Sources */ = {isa = PBXBuildFile; fileRef = CB91F5542394B8A2009756B5 /* PJKnowledgeNotesMainTabBarManger.m */; };
		CB91F5582394B8F0009756B5 /* PJKnowledgeNotesBaseController.m in Sources */ = {isa = PBXBuildFile; fileRef = CB91F5572394B8F0009756B5 /* PJKnowledgeNotesBaseController.m */; };
		CB91F55C2394B941009756B5 /* PJKnowledgeNotesController.m in Sources */ = {isa = PBXBuildFile; fileRef = CB91F55B2394B941009756B5 /* PJKnowledgeNotesController.m */; };
		CBA4364624B8207000695018 /* RuntimeEmptyTestController.m in Sources */ = {isa = PBXBuildFile; fileRef = CBA4364524B8207000695018 /* RuntimeEmptyTestController.m */; };
		CBA4364E24BD92F900695018 /* PJRoute.m in Sources */ = {isa = PBXBuildFile; fileRef = CBA4364D24BD92F900695018 /* PJRoute.m */; };
		CBA4365124BD999300695018 /* PJRouteURL.m in Sources */ = {isa = PBXBuildFile; fileRef = CBA4365024BD999300695018 /* PJRouteURL.m */; };
		EEAB7DECE7889C7EE268AE4A /* Pods_PJKnowledgeNotes.framework in Frameworks */ = {isa = PBXBuildFile; fileRef = C953E36BE958B264664AF2BC /* Pods_PJKnowledgeNotes.framework */; };
/* End PBXBuildFile section */

/* Begin PBXFileReference section */
		3F9ACBF806EC55739F2D40E6 /* Pods-PJKnowledgeNotes.debug.xcconfig */ = {isa = PBXFileReference; includeInIndex = 1; lastKnownFileType = text.xcconfig; name = "Pods-PJKnowledgeNotes.debug.xcconfig"; path = "Target Support Files/Pods-PJKnowledgeNotes/Pods-PJKnowledgeNotes.debug.xcconfig"; sourceTree = "<group>"; };
		7AF0718D09F48FB137E30405 /* Pods-PJKnowledgeNotes.release.xcconfig */ = {isa = PBXFileReference; includeInIndex = 1; lastKnownFileType = text.xcconfig; name = "Pods-PJKnowledgeNotes.release.xcconfig"; path = "Target Support Files/Pods-PJKnowledgeNotes/Pods-PJKnowledgeNotes.release.xcconfig"; sourceTree = "<group>"; };
		C953E36BE958B264664AF2BC /* Pods_PJKnowledgeNotes.framework */ = {isa = PBXFileReference; explicitFileType = wrapper.framework; includeInIndex = 0; path = Pods_PJKnowledgeNotes.framework; sourceTree = BUILT_PRODUCTS_DIR; };
		CB16403924C6FA6600598663 /* hahahahViewController.h */ = {isa = PBXFileReference; lastKnownFileType = sourcecode.c.h; path = hahahahViewController.h; sourceTree = "<group>"; };
		CB16403A24C6FA6600598663 /* hahahahViewController.m */ = {isa = PBXFileReference; lastKnownFileType = sourcecode.c.objc; path = hahahahViewController.m; sourceTree = "<group>"; };
		CB16403C24C6FABE00598663 /* hahahahViewController.cpp */ = {isa = PBXFileReference; fileEncoding = 4; lastKnownFileType = sourcecode.cpp.cpp; path = hahahahViewController.cpp; sourceTree = "<group>"; };
		CB17E21223A889EC00AF6CAC /* NSObject+SafeTool.m */ = {isa = PBXFileReference; fileEncoding = 4; lastKnownFileType = sourcecode.c.objc; path = "NSObject+SafeTool.m"; sourceTree = "<group>"; };
		CB17E21323A889EC00AF6CAC /* NSObject+SafeTool.h */ = {isa = PBXFileReference; fileEncoding = 4; lastKnownFileType = sourcecode.c.h; path = "NSObject+SafeTool.h"; sourceTree = "<group>"; };
		CB2374EF249CC16900B34EFA /* NSObject+SelectorDefender.h */ = {isa = PBXFileReference; fileEncoding = 4; lastKnownFileType = sourcecode.c.h; path = "NSObject+SelectorDefender.h"; sourceTree = "<group>"; };
		CB2374F0249CC16900B34EFA /* NSObject+SelectorDefender.m */ = {isa = PBXFileReference; fileEncoding = 4; lastKnownFileType = sourcecode.c.objc; path = "NSObject+SelectorDefender.m"; sourceTree = "<group>"; };
		CB2374F1249CC16A00B34EFA /* NSObject+MethodSwizzling.h */ = {isa = PBXFileReference; fileEncoding = 4; lastKnownFileType = sourcecode.c.h; path = "NSObject+MethodSwizzling.h"; sourceTree = "<group>"; };
		CB2374F2249CC16A00B34EFA /* NSObject+MethodSwizzling.m */ = {isa = PBXFileReference; fileEncoding = 4; lastKnownFileType = sourcecode.c.objc; path = "NSObject+MethodSwizzling.m"; sourceTree = "<group>"; };
		CB2374F524A1A1EA00B34EFA /* PermanentThreadManagement.h */ = {isa = PBXFileReference; lastKnownFileType = sourcecode.c.h; path = PermanentThreadManagement.h; sourceTree = "<group>"; };
		CB2374F624A1A1EA00B34EFA /* PermanentThreadManagement.m */ = {isa = PBXFileReference; lastKnownFileType = sourcecode.c.objc; path = PermanentThreadManagement.m; sourceTree = "<group>"; };
		CB2374F824A1A37800B34EFA /* noVoice.mp3 */ = {isa = PBXFileReference; lastKnownFileType = audio.mp3; path = noVoice.mp3; sourceTree = "<group>"; };
		CB2374FB24A2F18F00B34EFA /* ThreadManager.m */ = {isa = PBXFileReference; fileEncoding = 4; lastKnownFileType = sourcecode.c.objc; path = ThreadManager.m; sourceTree = "<group>"; };
		CB2374FC24A2F18F00B34EFA /* ThreadManager.h */ = {isa = PBXFileReference; fileEncoding = 4; lastKnownFileType = sourcecode.c.h; path = ThreadManager.h; sourceTree = "<group>"; };
		CB2374FE24A2F2F400B34EFA /* NSObject+function.h */ = {isa = PBXFileReference; fileEncoding = 4; lastKnownFileType = sourcecode.c.h; path = "NSObject+function.h"; sourceTree = "<group>"; };
		CB2374FF24A2F2F400B34EFA /* NSObject+function.m */ = {isa = PBXFileReference; fileEncoding = 4; lastKnownFileType = sourcecode.c.objc; path = "NSObject+function.m"; sourceTree = "<group>"; };
		CB23750424A8308400B34EFA /* ResponderViewController.h */ = {isa = PBXFileReference; lastKnownFileType = sourcecode.c.h; path = ResponderViewController.h; sourceTree = "<group>"; };
		CB23750524A8308400B34EFA /* ResponderViewController.m */ = {isa = PBXFileReference; lastKnownFileType = sourcecode.c.objc; path = ResponderViewController.m; sourceTree = "<group>"; };
		CB23751A24AAD2CE00B34EFA /* PJHahaha.h */ = {isa = PBXFileReference; lastKnownFileType = sourcecode.c.h; path = PJHahaha.h; sourceTree = "<group>"; };
		CB23751B24AAD2CE00B34EFA /* PJHahaha.m */ = {isa = PBXFileReference; lastKnownFileType = sourcecode.c.objc; path = PJHahaha.m; sourceTree = "<group>"; };
		CB23757724AC22FC00B34EFA /* KVOKController.h */ = {isa = PBXFileReference; lastKnownFileType = sourcecode.c.h; path = KVOKController.h; sourceTree = "<group>"; };
		CB23757824AC22FC00B34EFA /* KVOKController.m */ = {isa = PBXFileReference; lastKnownFileType = sourcecode.c.objc; path = KVOKController.m; sourceTree = "<group>"; };
		CB23757A24AC231600B34EFA /* KVOKObject.h */ = {isa = PBXFileReference; lastKnownFileType = sourcecode.c.h; path = KVOKObject.h; sourceTree = "<group>"; };
		CB23757B24AC231600B34EFA /* KVOKObject.m */ = {isa = PBXFileReference; lastKnownFileType = sourcecode.c.objc; path = KVOKObject.m; sourceTree = "<group>"; };
		CB39186E2394AAB100CDD448 /* PJKnowledgeNotes.app */ = {isa = PBXFileReference; explicitFileType = wrapper.application; includeInIndex = 0; path = PJKnowledgeNotes.app; sourceTree = BUILT_PRODUCTS_DIR; };
		CB3918712394AAB100CDD448 /* AppDelegate.h */ = {isa = PBXFileReference; lastKnownFileType = sourcecode.c.h; path = AppDelegate.h; sourceTree = "<group>"; };
		CB3918722394AAB100CDD448 /* AppDelegate.m */ = {isa = PBXFileReference; lastKnownFileType = sourcecode.c.objc; path = AppDelegate.m; sourceTree = "<group>"; };
		CB39187B2394AAB100CDD448 /* Base */ = {isa = PBXFileReference; lastKnownFileType = file.storyboard; name = Base; path = Base.lproj/Main.storyboard; sourceTree = "<group>"; };
		CB39187D2394AAB300CDD448 /* Assets.xcassets */ = {isa = PBXFileReference; lastKnownFileType = folder.assetcatalog; path = Assets.xcassets; sourceTree = "<group>"; };
		CB3918802394AAB300CDD448 /* Base */ = {isa = PBXFileReference; lastKnownFileType = file.storyboard; name = Base; path = Base.lproj/LaunchScreen.storyboard; sourceTree = "<group>"; };
		CB3918822394AAB300CDD448 /* Info.plist */ = {isa = PBXFileReference; lastKnownFileType = text.plist.xml; path = Info.plist; sourceTree = "<group>"; };
		CB3918832394AAB300CDD448 /* main.m */ = {isa = PBXFileReference; lastKnownFileType = sourcecode.c.objc; path = main.m; sourceTree = "<group>"; };
		CB3918962394B58700CDD448 /* UILabel+PJMasonryKit.m */ = {isa = PBXFileReference; fileEncoding = 4; lastKnownFileType = sourcecode.c.objc; path = "UILabel+PJMasonryKit.m"; sourceTree = "<group>"; };
		CB3918972394B58700CDD448 /* PJMasonryKit.h */ = {isa = PBXFileReference; fileEncoding = 4; lastKnownFileType = sourcecode.c.h; path = PJMasonryKit.h; sourceTree = "<group>"; };
		CB3918982394B58700CDD448 /* UITextField+PJMasonryKit.m */ = {isa = PBXFileReference; fileEncoding = 4; lastKnownFileType = sourcecode.c.objc; path = "UITextField+PJMasonryKit.m"; sourceTree = "<group>"; };
		CB3918992394B58700CDD448 /* UIView+PJMasonryKit.m */ = {isa = PBXFileReference; fileEncoding = 4; lastKnownFileType = sourcecode.c.objc; path = "UIView+PJMasonryKit.m"; sourceTree = "<group>"; };
		CB39189A2394B58700CDD448 /* UIImageView+PJMasonryKit.m */ = {isa = PBXFileReference; fileEncoding = 4; lastKnownFileType = sourcecode.c.objc; path = "UIImageView+PJMasonryKit.m"; sourceTree = "<group>"; };
		CB39189B2394B58700CDD448 /* UITextField+PJMasonryKit.h */ = {isa = PBXFileReference; fileEncoding = 4; lastKnownFileType = sourcecode.c.h; path = "UITextField+PJMasonryKit.h"; sourceTree = "<group>"; };
		CB39189C2394B58700CDD448 /* UILabel+PJMasonryKit.h */ = {isa = PBXFileReference; fileEncoding = 4; lastKnownFileType = sourcecode.c.h; path = "UILabel+PJMasonryKit.h"; sourceTree = "<group>"; };
		CB39189D2394B58700CDD448 /* UIView+PJMasonryKit.h */ = {isa = PBXFileReference; fileEncoding = 4; lastKnownFileType = sourcecode.c.h; path = "UIView+PJMasonryKit.h"; sourceTree = "<group>"; };
		CB39189E2394B58700CDD448 /* UIImageView+PJMasonryKit.h */ = {isa = PBXFileReference; fileEncoding = 4; lastKnownFileType = sourcecode.c.h; path = "UIImageView+PJMasonryKit.h"; sourceTree = "<group>"; };
		CB3918A02394B58700CDD448 /* UIGestureRecognizer+PJHelperBlockKit.m */ = {isa = PBXFileReference; fileEncoding = 4; lastKnownFileType = sourcecode.c.objc; path = "UIGestureRecognizer+PJHelperBlockKit.m"; sourceTree = "<group>"; };
		CB3918A12394B58700CDD448 /* UIButton+PJHelperBlocksKit.h */ = {isa = PBXFileReference; fileEncoding = 4; lastKnownFileType = sourcecode.c.h; path = "UIButton+PJHelperBlocksKit.h"; sourceTree = "<group>"; };
		CB3918A22394B58700CDD448 /* UIView+PJHelperBlockKit.h */ = {isa = PBXFileReference; fileEncoding = 4; lastKnownFileType = sourcecode.c.h; path = "UIView+PJHelperBlockKit.h"; sourceTree = "<group>"; };
		CB3918A32394B58700CDD448 /* PJHelperBlocksKit.h */ = {isa = PBXFileReference; fileEncoding = 4; lastKnownFileType = sourcecode.c.h; path = PJHelperBlocksKit.h; sourceTree = "<group>"; };
		CB3918A42394B58700CDD448 /* UISlider+PJHelperBlocksKit.h */ = {isa = PBXFileReference; fileEncoding = 4; lastKnownFileType = sourcecode.c.h; path = "UISlider+PJHelperBlocksKit.h"; sourceTree = "<group>"; };
		CB3918A52394B58700CDD448 /* UIControl+PJHelperBlockKit.m */ = {isa = PBXFileReference; fileEncoding = 4; lastKnownFileType = sourcecode.c.objc; path = "UIControl+PJHelperBlockKit.m"; sourceTree = "<group>"; };
		CB3918A62394B58700CDD448 /* UIGestureRecognizer+PJHelperBlockKit.h */ = {isa = PBXFileReference; fileEncoding = 4; lastKnownFileType = sourcecode.c.h; path = "UIGestureRecognizer+PJHelperBlockKit.h"; sourceTree = "<group>"; };
		CB3918A72394B58700CDD448 /* UIView+PJHelperBlockKit.m */ = {isa = PBXFileReference; fileEncoding = 4; lastKnownFileType = sourcecode.c.objc; path = "UIView+PJHelperBlockKit.m"; sourceTree = "<group>"; };
		CB3918A82394B58700CDD448 /* UIButton+PJHelperBlocksKit.m */ = {isa = PBXFileReference; fileEncoding = 4; lastKnownFileType = sourcecode.c.objc; path = "UIButton+PJHelperBlocksKit.m"; sourceTree = "<group>"; };
		CB3918A92394B58700CDD448 /* UISlider+PJHelperBlocksKit.m */ = {isa = PBXFileReference; fileEncoding = 4; lastKnownFileType = sourcecode.c.objc; path = "UISlider+PJHelperBlocksKit.m"; sourceTree = "<group>"; };
		CB3918AA2394B58700CDD448 /* UIControl+PJHelperBlockKit.h */ = {isa = PBXFileReference; fileEncoding = 4; lastKnownFileType = sourcecode.c.h; path = "UIControl+PJHelperBlockKit.h"; sourceTree = "<group>"; };
		CB3918AC2394B58700CDD448 /* PJCommonKit.h */ = {isa = PBXFileReference; fileEncoding = 4; lastKnownFileType = sourcecode.c.h; path = PJCommonKit.h; sourceTree = "<group>"; };
		CB3918AD2394B58700CDD448 /* PJCommonKit.m */ = {isa = PBXFileReference; fileEncoding = 4; lastKnownFileType = sourcecode.c.objc; path = PJCommonKit.m; sourceTree = "<group>"; };
		CB3918AF2394B58700CDD448 /* UIView+MBLayout.m */ = {isa = PBXFileReference; fileEncoding = 4; lastKnownFileType = sourcecode.c.objc; path = "UIView+MBLayout.m"; sourceTree = "<group>"; };
		CB3918B12394B58700CDD448 /* UIBarButtonItem+Extension.h */ = {isa = PBXFileReference; fileEncoding = 4; lastKnownFileType = sourcecode.c.h; path = "UIBarButtonItem+Extension.h"; sourceTree = "<group>"; };
		CB3918B22394B58700CDD448 /* UIImage+Extension.m */ = {isa = PBXFileReference; fileEncoding = 4; lastKnownFileType = sourcecode.c.objc; path = "UIImage+Extension.m"; sourceTree = "<group>"; };
		CB3918B42394B58700CDD448 /* UIView+MBLayout.h */ = {isa = PBXFileReference; fileEncoding = 4; lastKnownFileType = sourcecode.c.h; path = "UIView+MBLayout.h"; sourceTree = "<group>"; };
		CB3918B52394B58700CDD448 /* UIImage+Extension.h */ = {isa = PBXFileReference; fileEncoding = 4; lastKnownFileType = sourcecode.c.h; path = "UIImage+Extension.h"; sourceTree = "<group>"; };
		CB3918B62394B58700CDD448 /* UIBarButtonItem+Extension.m */ = {isa = PBXFileReference; fileEncoding = 4; lastKnownFileType = sourcecode.c.objc; path = "UIBarButtonItem+Extension.m"; sourceTree = "<group>"; };
		CB3918C22394B58800CDD448 /* big_stop_ic@2x.png */ = {isa = PBXFileReference; lastKnownFileType = image.png; path = "big_stop_ic@2x.png"; sourceTree = "<group>"; };
		CB3918C32394B58800CDD448 /* unlockButton.png */ = {isa = PBXFileReference; lastKnownFileType = image.png; path = unlockButton.png; sourceTree = "<group>"; };
		CB3918C42394B58800CDD448 /* big_stop_ic.png */ = {isa = PBXFileReference; lastKnownFileType = image.png; path = big_stop_ic.png; sourceTree = "<group>"; };
		CB3918C52394B58800CDD448 /* lastButton.png */ = {isa = PBXFileReference; lastKnownFileType = image.png; path = lastButton.png; sourceTree = "<group>"; };
		CB3918C62394B58800CDD448 /* pauseButton.png */ = {isa = PBXFileReference; lastKnownFileType = image.png; path = pauseButton.png; sourceTree = "<group>"; };
		CB3918C72394B58800CDD448 /* lockButton@2x.png */ = {isa = PBXFileReference; lastKnownFileType = image.png; path = "lockButton@2x.png"; sourceTree = "<group>"; };
		CB3918C82394B58800CDD448 /* lockButton.png */ = {isa = PBXFileReference; lastKnownFileType = image.png; path = lockButton.png; sourceTree = "<group>"; };
		CB3918C92394B58800CDD448 /* unlockButton@2x.png */ = {isa = PBXFileReference; lastKnownFileType = image.png; path = "unlockButton@2x.png"; sourceTree = "<group>"; };
		CB3918CA2394B58800CDD448 /* fullScreen@2x.png */ = {isa = PBXFileReference; lastKnownFileType = image.png; path = "fullScreen@2x.png"; sourceTree = "<group>"; };
		CB3918CB2394B58800CDD448 /* download_ic@2x.png */ = {isa = PBXFileReference; lastKnownFileType = image.png; path = "download_ic@2x.png"; sourceTree = "<group>"; };
		CB3918CC2394B58800CDD448 /* download_ic.png */ = {isa = PBXFileReference; lastKnownFileType = image.png; path = download_ic.png; sourceTree = "<group>"; };
		CB3918CD2394B58800CDD448 /* fullScreen@3x.png */ = {isa = PBXFileReference; lastKnownFileType = image.png; path = "fullScreen@3x.png"; sourceTree = "<group>"; };
		CB3918CE2394B58800CDD448 /* nextButton@2x.png */ = {isa = PBXFileReference; lastKnownFileType = image.png; path = "nextButton@2x.png"; sourceTree = "<group>"; };
		CB3918CF2394B58800CDD448 /* lastButton@2x.png */ = {isa = PBXFileReference; lastKnownFileType = image.png; path = "lastButton@2x.png"; sourceTree = "<group>"; };
		CB3918D02394B58800CDD448 /* moreButton@2x.png */ = {isa = PBXFileReference; lastKnownFileType = image.png; path = "moreButton@2x.png"; sourceTree = "<group>"; };
		CB3918D12394B58800CDD448 /* nextButton.png */ = {isa = PBXFileReference; lastKnownFileType = image.png; path = nextButton.png; sourceTree = "<group>"; };
		CB3918D22394B58800CDD448 /* playerBackButton@2x.png */ = {isa = PBXFileReference; lastKnownFileType = image.png; path = "playerBackButton@2x.png"; sourceTree = "<group>"; };
		CB3918D32394B58800CDD448 /* playButton@2x.png */ = {isa = PBXFileReference; lastKnownFileType = image.png; path = "playButton@2x.png"; sourceTree = "<group>"; };
		CB3918D42394B58800CDD448 /* moreButton.png */ = {isa = PBXFileReference; lastKnownFileType = image.png; path = moreButton.png; sourceTree = "<group>"; };
		CB3918D52394B58800CDD448 /* pauseButton@2x.png */ = {isa = PBXFileReference; lastKnownFileType = image.png; path = "pauseButton@2x.png"; sourceTree = "<group>"; };
		CB3918D62394B58800CDD448 /* playButton.png */ = {isa = PBXFileReference; lastKnownFileType = image.png; path = playButton.png; sourceTree = "<group>"; };
		CB3918D72394B58800CDD448 /* BootDiagram.jpg */ = {isa = PBXFileReference; lastKnownFileType = image.jpeg; path = BootDiagram.jpg; sourceTree = "<group>"; };
		CB3918D82394B58800CDD448 /* playerBackButton.png */ = {isa = PBXFileReference; lastKnownFileType = image.png; path = playerBackButton.png; sourceTree = "<group>"; };
		CB3918DA2394B58800CDD448 /* iosxx_1_on@3x.png */ = {isa = PBXFileReference; lastKnownFileType = image.png; path = "iosxx_1_on@3x.png"; sourceTree = "<group>"; };
		CB3918DB2394B58800CDD448 /* iosxx_1_on@2x.png */ = {isa = PBXFileReference; lastKnownFileType = image.png; path = "iosxx_1_on@2x.png"; sourceTree = "<group>"; };
		CB3918DC2394B58800CDD448 /* iosxx_1@2x.png */ = {isa = PBXFileReference; lastKnownFileType = image.png; path = "iosxx_1@2x.png"; sourceTree = "<group>"; };
		CB3918DD2394B58800CDD448 /* iosxx_3@3x.png */ = {isa = PBXFileReference; lastKnownFileType = image.png; path = "iosxx_3@3x.png"; sourceTree = "<group>"; };
		CB3918DE2394B58800CDD448 /* iosxx_3@2x.png */ = {isa = PBXFileReference; lastKnownFileType = image.png; path = "iosxx_3@2x.png"; sourceTree = "<group>"; };
		CB3918DF2394B58800CDD448 /* iosxx_1@3x.png */ = {isa = PBXFileReference; lastKnownFileType = image.png; path = "iosxx_1@3x.png"; sourceTree = "<group>"; };
		CB3918E02394B58800CDD448 /* iosxx_3_on@3x.png */ = {isa = PBXFileReference; lastKnownFileType = image.png; path = "iosxx_3_on@3x.png"; sourceTree = "<group>"; };
		CB3918E12394B58800CDD448 /* iosxx_4@3x.png */ = {isa = PBXFileReference; lastKnownFileType = image.png; path = "iosxx_4@3x.png"; sourceTree = "<group>"; };
		CB3918E22394B58800CDD448 /* iosxx_4@2x.png */ = {isa = PBXFileReference; lastKnownFileType = image.png; path = "iosxx_4@2x.png"; sourceTree = "<group>"; };
		CB3918E32394B58800CDD448 /* iosxx_3_on@2x.png */ = {isa = PBXFileReference; lastKnownFileType = image.png; path = "iosxx_3_on@2x.png"; sourceTree = "<group>"; };
		CB3918E42394B58800CDD448 /* iosxx_2_on@3x.png */ = {isa = PBXFileReference; lastKnownFileType = image.png; path = "iosxx_2_on@3x.png"; sourceTree = "<group>"; };
		CB3918E52394B58800CDD448 /* iosxx_2@3x.png */ = {isa = PBXFileReference; lastKnownFileType = image.png; path = "iosxx_2@3x.png"; sourceTree = "<group>"; };
		CB3918E62394B58800CDD448 /* iosxx_4_on@2x.png */ = {isa = PBXFileReference; lastKnownFileType = image.png; path = "iosxx_4_on@2x.png"; sourceTree = "<group>"; };
		CB3918E72394B58800CDD448 /* iosxx_4_on@3x.png */ = {isa = PBXFileReference; lastKnownFileType = image.png; path = "iosxx_4_on@3x.png"; sourceTree = "<group>"; };
		CB3918E82394B58800CDD448 /* iosxx_2@2x.png */ = {isa = PBXFileReference; lastKnownFileType = image.png; path = "iosxx_2@2x.png"; sourceTree = "<group>"; };
		CB3918E92394B58800CDD448 /* iosxx_2_on@2x.png */ = {isa = PBXFileReference; lastKnownFileType = image.png; path = "iosxx_2_on@2x.png"; sourceTree = "<group>"; };
		CB3918ED2394B58800CDD448 /* PJNavigationBaseController.h */ = {isa = PBXFileReference; fileEncoding = 4; lastKnownFileType = sourcecode.c.h; path = PJNavigationBaseController.h; sourceTree = "<group>"; };
		CB3918EE2394B58800CDD448 /* PJTabBarBaseController.h */ = {isa = PBXFileReference; fileEncoding = 4; lastKnownFileType = sourcecode.c.h; path = PJTabBarBaseController.h; sourceTree = "<group>"; };
		CB3918EF2394B58800CDD448 /* PJNavigationBaseController.m */ = {isa = PBXFileReference; fileEncoding = 4; lastKnownFileType = sourcecode.c.objc; path = PJNavigationBaseController.m; sourceTree = "<group>"; };
		CB3918F12394B58800CDD448 /* PJTabBarBaseController.m */ = {isa = PBXFileReference; fileEncoding = 4; lastKnownFileType = sourcecode.c.objc; path = PJTabBarBaseController.m; sourceTree = "<group>"; };
		CB46087724ACD7AA00AB7CF1 /* MemoryManagerController.h */ = {isa = PBXFileReference; lastKnownFileType = sourcecode.c.h; path = MemoryManagerController.h; sourceTree = "<group>"; };
		CB46087824ACD7AA00AB7CF1 /* MemoryManagerController.m */ = {isa = PBXFileReference; lastKnownFileType = sourcecode.c.objc; path = MemoryManagerController.m; sourceTree = "<group>"; };
		CB46087D24AF073500AB7CF1 /* BlockViewController.h */ = {isa = PBXFileReference; lastKnownFileType = sourcecode.c.h; path = BlockViewController.h; sourceTree = "<group>"; };
		CB46087E24AF073500AB7CF1 /* BlockViewController.m */ = {isa = PBXFileReference; lastKnownFileType = sourcecode.c.objc; path = BlockViewController.m; sourceTree = "<group>"; };
		CB46088024AF1FE600AB7CF1 /* shareInstanceTest.h */ = {isa = PBXFileReference; lastKnownFileType = sourcecode.c.h; path = shareInstanceTest.h; sourceTree = "<group>"; };
		CB46088124AF1FE600AB7CF1 /* shareInstanceTest.m */ = {isa = PBXFileReference; lastKnownFileType = sourcecode.c.objc; path = shareInstanceTest.m; sourceTree = "<group>"; };
		CB46089424B3217A00AB7CF1 /* NSObject+function1.h */ = {isa = PBXFileReference; lastKnownFileType = sourcecode.c.h; path = "NSObject+function1.h"; sourceTree = "<group>"; };
		CB46089524B3217A00AB7CF1 /* NSObject+function1.m */ = {isa = PBXFileReference; lastKnownFileType = sourcecode.c.objc; path = "NSObject+function1.m"; sourceTree = "<group>"; };
		CB46089724B3218900AB7CF1 /* NSObject+function2.h */ = {isa = PBXFileReference; lastKnownFileType = sourcecode.c.h; path = "NSObject+function2.h"; sourceTree = "<group>"; };
		CB46089824B3218900AB7CF1 /* NSObject+function2.m */ = {isa = PBXFileReference; lastKnownFileType = sourcecode.c.objc; path = "NSObject+function2.m"; sourceTree = "<group>"; };
		CB46089A24B326EB00AB7CF1 /* NSObject+function3.h */ = {isa = PBXFileReference; lastKnownFileType = sourcecode.c.h; path = "NSObject+function3.h"; sourceTree = "<group>"; };
		CB46089B24B326EC00AB7CF1 /* NSObject+function3.m */ = {isa = PBXFileReference; lastKnownFileType = sourcecode.c.objc; path = "NSObject+function3.m"; sourceTree = "<group>"; };
		CB46089E24B44EDF00AB7CF1 /* index.html */ = {isa = PBXFileReference; fileEncoding = 4; lastKnownFileType = text.html; path = index.html; sourceTree = "<group>"; };
		CB4608A024B44EDF00AB7CF1 /* WKWebView+Extension.m */ = {isa = PBXFileReference; fileEncoding = 4; lastKnownFileType = sourcecode.c.objc; path = "WKWebView+Extension.m"; sourceTree = "<group>"; };
		CB4608A224B44EDF00AB7CF1 /* WKWebView+Extension.h */ = {isa = PBXFileReference; fileEncoding = 4; lastKnownFileType = sourcecode.c.h; path = "WKWebView+Extension.h"; sourceTree = "<group>"; };
		CB4608A924B44F2F00AB7CF1 /* NSObject+KVOGoalkeeper.m */ = {isa = PBXFileReference; fileEncoding = 4; lastKnownFileType = sourcecode.c.objc; path = "NSObject+KVOGoalkeeper.m"; sourceTree = "<group>"; };
		CB4608AA24B44F2F00AB7CF1 /* NSObject+KVOGoalkeeper.h */ = {isa = PBXFileReference; fileEncoding = 4; lastKnownFileType = sourcecode.c.h; path = "NSObject+KVOGoalkeeper.h"; sourceTree = "<group>"; };
		CB4608B824B4775800AB7CF1 /* XHWKWebview.m */ = {isa = PBXFileReference; fileEncoding = 4; lastKnownFileType = sourcecode.c.objc; path = XHWKWebview.m; sourceTree = "<group>"; };
		CB4608B924B4775800AB7CF1 /* XHWKWebview.h */ = {isa = PBXFileReference; fileEncoding = 4; lastKnownFileType = sourcecode.c.h; path = XHWKWebview.h; sourceTree = "<group>"; };
		CB4AA54823A4DFBA00CF12E9 /* DemoTestViewController.h */ = {isa = PBXFileReference; lastKnownFileType = sourcecode.c.h; path = DemoTestViewController.h; sourceTree = "<group>"; };
		CB4AA54923A4DFBA00CF12E9 /* DemoTestViewController.m */ = {isa = PBXFileReference; lastKnownFileType = sourcecode.c.objc; path = DemoTestViewController.m; sourceTree = "<group>"; };
		CB4AA54C23A4E1A500CF12E9 /* PJNSOperationViewController.h */ = {isa = PBXFileReference; fileEncoding = 4; lastKnownFileType = sourcecode.c.h; path = PJNSOperationViewController.h; sourceTree = "<group>"; };
		CB4AA54D23A4E1A500CF12E9 /* PJNSOperationViewController.m */ = {isa = PBXFileReference; fileEncoding = 4; lastKnownFileType = sourcecode.c.objc; path = PJNSOperationViewController.m; sourceTree = "<group>"; };
		CB4AA55023A4E20600CF12E9 /* TestTableViewCell.m */ = {isa = PBXFileReference; fileEncoding = 4; lastKnownFileType = sourcecode.c.objc; path = TestTableViewCell.m; sourceTree = "<group>"; };
		CB4AA55223A4E20600CF12E9 /* TestTableViewCell.h */ = {isa = PBXFileReference; fileEncoding = 4; lastKnownFileType = sourcecode.c.h; path = TestTableViewCell.h; sourceTree = "<group>"; };
		CB4AA55523A4E21600CF12E9 /* PJTableViewViewController.h */ = {isa = PBXFileReference; lastKnownFileType = sourcecode.c.h; path = PJTableViewViewController.h; sourceTree = "<group>"; };
		CB4AA55623A4E21600CF12E9 /* PJTableViewViewController.m */ = {isa = PBXFileReference; lastKnownFileType = sourcecode.c.objc; path = PJTableViewViewController.m; sourceTree = "<group>"; };
		CB4AA55823A4E30100CF12E9 /* RuntimeViewController.h */ = {isa = PBXFileReference; lastKnownFileType = sourcecode.c.h; path = RuntimeViewController.h; sourceTree = "<group>"; };
		CB4AA55923A4E30100CF12E9 /* RuntimeViewController.m */ = {isa = PBXFileReference; lastKnownFileType = sourcecode.c.objc; path = RuntimeViewController.m; sourceTree = "<group>"; };
		CB4AA55E23A4E37100CF12E9 /* release_homework.jpg */ = {isa = PBXFileReference; lastKnownFileType = image.jpeg; path = release_homework.jpg; sourceTree = "<group>"; };
		CB4AA56023A4E49000CF12E9 /* PJThread.h */ = {isa = PBXFileReference; fileEncoding = 4; lastKnownFileType = sourcecode.c.h; path = PJThread.h; sourceTree = "<group>"; };
		CB4AA56123A4E49000CF12E9 /* PJPerson.h */ = {isa = PBXFileReference; fileEncoding = 4; lastKnownFileType = sourcecode.c.h; path = PJPerson.h; sourceTree = "<group>"; };
		CB4AA56223A4E49000CF12E9 /* PJThread.m */ = {isa = PBXFileReference; fileEncoding = 4; lastKnownFileType = sourcecode.c.objc; path = PJThread.m; sourceTree = "<group>"; };
		CB4AA56323A4E49000CF12E9 /* PJDog.h */ = {isa = PBXFileReference; fileEncoding = 4; lastKnownFileType = sourcecode.c.h; path = PJDog.h; sourceTree = "<group>"; };
		CB4AA56423A4E49000CF12E9 /* PJDog.m */ = {isa = PBXFileReference; fileEncoding = 4; lastKnownFileType = sourcecode.c.objc; path = PJDog.m; sourceTree = "<group>"; };
		CB4AA56523A4E49000CF12E9 /* PJPerson.m */ = {isa = PBXFileReference; fileEncoding = 4; lastKnownFileType = sourcecode.c.objc; path = PJPerson.m; sourceTree = "<group>"; };
		CB4AA56A23A4E51200CF12E9 /* FCViewController.h */ = {isa = PBXFileReference; lastKnownFileType = sourcecode.c.h; path = FCViewController.h; sourceTree = "<group>"; };
		CB4AA56B23A4E51200CF12E9 /* FCViewController.m */ = {isa = PBXFileReference; lastKnownFileType = sourcecode.c.objc; path = FCViewController.m; sourceTree = "<group>"; };
		CB4AA56D23A4E57C00CF12E9 /* Person.h */ = {isa = PBXFileReference; fileEncoding = 4; lastKnownFileType = sourcecode.c.h; path = Person.h; sourceTree = "<group>"; };
		CB4AA56E23A4E57C00CF12E9 /* Person.m */ = {isa = PBXFileReference; fileEncoding = 4; lastKnownFileType = sourcecode.c.objc; path = Person.m; sourceTree = "<group>"; };
		CB4AA56F23A4E57C00CF12E9 /* FCSanboxFileModel.m */ = {isa = PBXFileReference; fileEncoding = 4; lastKnownFileType = sourcecode.c.objc; path = FCSanboxFileModel.m; sourceTree = "<group>"; };
		CB4AA57023A4E57C00CF12E9 /* FCSanboxFileModel.h */ = {isa = PBXFileReference; fileEncoding = 4; lastKnownFileType = sourcecode.c.h; path = FCSanboxFileModel.h; sourceTree = "<group>"; };
		CB4AA57323A4E58100CF12E9 /* music.mp3 */ = {isa = PBXFileReference; lastKnownFileType = audio.mp3; path = music.mp3; sourceTree = "<group>"; };
		CB91CD2D2395056100C4D7EA /* ViewControllerHelper.h */ = {isa = PBXFileReference; lastKnownFileType = sourcecode.c.h; path = ViewControllerHelper.h; sourceTree = "<group>"; };
		CB91CD2E2395056100C4D7EA /* ViewControllerHelper.m */ = {isa = PBXFileReference; lastKnownFileType = sourcecode.c.objc; path = ViewControllerHelper.m; sourceTree = "<group>"; };
		CB91CD30239505A000C4D7EA /* ViewControllerModel.h */ = {isa = PBXFileReference; lastKnownFileType = sourcecode.c.h; path = ViewControllerModel.h; sourceTree = "<group>"; };
		CB91CD31239505A000C4D7EA /* ViewControllerModel.m */ = {isa = PBXFileReference; lastKnownFileType = sourcecode.c.objc; path = ViewControllerModel.m; sourceTree = "<group>"; };
		CB91F5532394B8A2009756B5 /* PJKnowledgeNotesMainTabBarManger.h */ = {isa = PBXFileReference; lastKnownFileType = sourcecode.c.h; path = PJKnowledgeNotesMainTabBarManger.h; sourceTree = "<group>"; };
		CB91F5542394B8A2009756B5 /* PJKnowledgeNotesMainTabBarManger.m */ = {isa = PBXFileReference; lastKnownFileType = sourcecode.c.objc; path = PJKnowledgeNotesMainTabBarManger.m; sourceTree = "<group>"; };
		CB91F5562394B8F0009756B5 /* PJKnowledgeNotesBaseController.h */ = {isa = PBXFileReference; lastKnownFileType = sourcecode.c.h; path = PJKnowledgeNotesBaseController.h; sourceTree = "<group>"; };
		CB91F5572394B8F0009756B5 /* PJKnowledgeNotesBaseController.m */ = {isa = PBXFileReference; lastKnownFileType = sourcecode.c.objc; path = PJKnowledgeNotesBaseController.m; sourceTree = "<group>"; };
		CB91F55A2394B941009756B5 /* PJKnowledgeNotesController.h */ = {isa = PBXFileReference; lastKnownFileType = sourcecode.c.h; path = PJKnowledgeNotesController.h; sourceTree = "<group>"; };
		CB91F55B2394B941009756B5 /* PJKnowledgeNotesController.m */ = {isa = PBXFileReference; lastKnownFileType = sourcecode.c.objc; path = PJKnowledgeNotesController.m; sourceTree = "<group>"; };
		CB91F55D2394BA1F009756B5 /* Common_Notification.h */ = {isa = PBXFileReference; lastKnownFileType = sourcecode.c.h; path = Common_Notification.h; sourceTree = "<group>"; };
		CB91F55E2394BA1F009756B5 /* PrefixHeader.pch */ = {isa = PBXFileReference; lastKnownFileType = sourcecode.c.h; path = PrefixHeader.pch; sourceTree = "<group>"; };
		CB91F55F2394BA1F009756B5 /* Common_LibMacro.h */ = {isa = PBXFileReference; lastKnownFileType = sourcecode.c.h; path = Common_LibMacro.h; sourceTree = "<group>"; };
		CB91F5602394BA1F009756B5 /* Common_HeaderFile.h */ = {isa = PBXFileReference; lastKnownFileType = sourcecode.c.h; path = Common_HeaderFile.h; sourceTree = "<group>"; };
		CB91F5612394BA1F009756B5 /* Common_Color.h */ = {isa = PBXFileReference; lastKnownFileType = sourcecode.c.h; path = Common_Color.h; sourceTree = "<group>"; };
		CB91F5622394BA1F009756B5 /* Common_Macro.h */ = {isa = PBXFileReference; lastKnownFileType = sourcecode.c.h; path = Common_Macro.h; sourceTree = "<group>"; };
		CBA4364424B8207000695018 /* RuntimeEmptyTestController.h */ = {isa = PBXFileReference; lastKnownFileType = sourcecode.c.h; path = RuntimeEmptyTestController.h; sourceTree = "<group>"; };
		CBA4364524B8207000695018 /* RuntimeEmptyTestController.m */ = {isa = PBXFileReference; lastKnownFileType = sourcecode.c.objc; path = RuntimeEmptyTestController.m; sourceTree = "<group>"; };
		CBA4364724B8217800695018 /* RuntimeEmptyTestController.cpp */ = {isa = PBXFileReference; fileEncoding = 4; lastKnownFileType = sourcecode.cpp.cpp; path = RuntimeEmptyTestController.cpp; sourceTree = "<group>"; };
		CBA4364C24BD92F900695018 /* PJRoute.h */ = {isa = PBXFileReference; lastKnownFileType = sourcecode.c.h; path = PJRoute.h; sourceTree = "<group>"; };
		CBA4364D24BD92F900695018 /* PJRoute.m */ = {isa = PBXFileReference; lastKnownFileType = sourcecode.c.objc; path = PJRoute.m; sourceTree = "<group>"; };
		CBA4364F24BD999300695018 /* PJRouteURL.h */ = {isa = PBXFileReference; lastKnownFileType = sourcecode.c.h; path = PJRouteURL.h; sourceTree = "<group>"; };
		CBA4365024BD999300695018 /* PJRouteURL.m */ = {isa = PBXFileReference; lastKnownFileType = sourcecode.c.objc; path = PJRouteURL.m; sourceTree = "<group>"; };
/* End PBXFileReference section */

/* Begin PBXFrameworksBuildPhase section */
		CB39186B2394AAB100CDD448 /* Frameworks */ = {
			isa = PBXFrameworksBuildPhase;
			buildActionMask = 2147483647;
			files = (
				EEAB7DECE7889C7EE268AE4A /* Pods_PJKnowledgeNotes.framework in Frameworks */,
			);
			runOnlyForDeploymentPostprocessing = 0;
		};
/* End PBXFrameworksBuildPhase section */

/* Begin PBXGroup section */
		1490514323806230CCC94BE6 /* Frameworks */ = {
			isa = PBXGroup;
			children = (
				C953E36BE958B264664AF2BC /* Pods_PJKnowledgeNotes.framework */,
			);
			name = Frameworks;
			sourceTree = "<group>";
		};
		4F21593F8A9DCFF2A0602BDD /* Pods */ = {
			isa = PBXGroup;
			children = (
				3F9ACBF806EC55739F2D40E6 /* Pods-PJKnowledgeNotes.debug.xcconfig */,
				7AF0718D09F48FB137E30405 /* Pods-PJKnowledgeNotes.release.xcconfig */,
			);
			path = Pods;
			sourceTree = "<group>";
		};
		CB2374FA24A2F17800B34EFA /* ManagementUnit */ = {
			isa = PBXGroup;
			children = (
				CB2374FC24A2F18F00B34EFA /* ThreadManager.h */,
				CB2374FB24A2F18F00B34EFA /* ThreadManager.m */,
			);
			path = ManagementUnit;
			sourceTree = "<group>";
		};
		CB23750324A8306000B34EFA /* Responder */ = {
			isa = PBXGroup;
			children = (
				CB23750424A8308400B34EFA /* ResponderViewController.h */,
				CB23750524A8308400B34EFA /* ResponderViewController.m */,
			);
			path = Responder;
			sourceTree = "<group>";
		};
		CB23757324AC229500B34EFA /* KVOKVC */ = {
			isa = PBXGroup;
			children = (
				CB23757724AC22FC00B34EFA /* KVOKController.h */,
				CB23757824AC22FC00B34EFA /* KVOKController.m */,
				CB23757A24AC231600B34EFA /* KVOKObject.h */,
				CB23757B24AC231600B34EFA /* KVOKObject.m */,
			);
			path = KVOKVC;
			sourceTree = "<group>";
		};
		CB3918652394AAB100CDD448 = {
			isa = PBXGroup;
			children = (
				CB3918702394AAB100CDD448 /* PJKnowledgeNotes */,
				CB39186F2394AAB100CDD448 /* Products */,
				4F21593F8A9DCFF2A0602BDD /* Pods */,
				1490514323806230CCC94BE6 /* Frameworks */,
			);
			sourceTree = "<group>";
		};
		CB39186F2394AAB100CDD448 /* Products */ = {
			isa = PBXGroup;
			children = (
				CB39186E2394AAB100CDD448 /* PJKnowledgeNotes.app */,
			);
			name = Products;
			sourceTree = "<group>";
		};
		CB3918702394AAB100CDD448 /* PJKnowledgeNotes */ = {
			isa = PBXGroup;
			children = (
				CB91F5592394B928009756B5 /* KnowledgeNotes */,
				CB4AA54623A4DF9300CF12E9 /* DemoTest */,
				CB3918932394B58700CDD448 /* BaseComponents */,
				CB3918EA2394B58800CDD448 /* BaseClassUnits */,
				CB3918C02394B58800CDD448 /* Resource */,
				CB3918712394AAB100CDD448 /* AppDelegate.h */,
				CB3918722394AAB100CDD448 /* AppDelegate.m */,
				CB91F5612394BA1F009756B5 /* Common_Color.h */,
				CB91F5602394BA1F009756B5 /* Common_HeaderFile.h */,
				CB91F55F2394BA1F009756B5 /* Common_LibMacro.h */,
				CB91F5622394BA1F009756B5 /* Common_Macro.h */,
				CB91F55D2394BA1F009756B5 /* Common_Notification.h */,
				CB91F55E2394BA1F009756B5 /* PrefixHeader.pch */,
				CB39187A2394AAB100CDD448 /* Main.storyboard */,
				CB39187D2394AAB300CDD448 /* Assets.xcassets */,
				CB39187F2394AAB300CDD448 /* LaunchScreen.storyboard */,
				CB3918822394AAB300CDD448 /* Info.plist */,
				CB3918832394AAB300CDD448 /* main.m */,
			);
			path = PJKnowledgeNotes;
			sourceTree = "<group>";
		};
		CB3918932394B58700CDD448 /* BaseComponents */ = {
			isa = PBXGroup;
			children = (
				CBA4364B24BD92B300695018 /* PJRoute */,
				CB2374FA24A2F17800B34EFA /* ManagementUnit */,
				CB3918942394B58700CDD448 /* PJKitHelper */,
				CB3918AE2394B58700CDD448 /* Categories */,
			);
			path = BaseComponents;
			sourceTree = "<group>";
		};
		CB3918942394B58700CDD448 /* PJKitHelper */ = {
			isa = PBXGroup;
			children = (
				CB3918952394B58700CDD448 /* MasonryKit */,
				CB39189F2394B58700CDD448 /* UIBlocksKit */,
				CB3918AB2394B58700CDD448 /* CommonKit */,
			);
			path = PJKitHelper;
			sourceTree = "<group>";
		};
		CB3918952394B58700CDD448 /* MasonryKit */ = {
			isa = PBXGroup;
			children = (
				CB3918962394B58700CDD448 /* UILabel+PJMasonryKit.m */,
				CB3918972394B58700CDD448 /* PJMasonryKit.h */,
				CB3918982394B58700CDD448 /* UITextField+PJMasonryKit.m */,
				CB3918992394B58700CDD448 /* UIView+PJMasonryKit.m */,
				CB39189A2394B58700CDD448 /* UIImageView+PJMasonryKit.m */,
				CB39189B2394B58700CDD448 /* UITextField+PJMasonryKit.h */,
				CB39189C2394B58700CDD448 /* UILabel+PJMasonryKit.h */,
				CB39189D2394B58700CDD448 /* UIView+PJMasonryKit.h */,
				CB39189E2394B58700CDD448 /* UIImageView+PJMasonryKit.h */,
			);
			path = MasonryKit;
			sourceTree = "<group>";
		};
		CB39189F2394B58700CDD448 /* UIBlocksKit */ = {
			isa = PBXGroup;
			children = (
				CB3918A02394B58700CDD448 /* UIGestureRecognizer+PJHelperBlockKit.m */,
				CB3918A12394B58700CDD448 /* UIButton+PJHelperBlocksKit.h */,
				CB3918A22394B58700CDD448 /* UIView+PJHelperBlockKit.h */,
				CB3918A32394B58700CDD448 /* PJHelperBlocksKit.h */,
				CB3918A42394B58700CDD448 /* UISlider+PJHelperBlocksKit.h */,
				CB3918A52394B58700CDD448 /* UIControl+PJHelperBlockKit.m */,
				CB3918A62394B58700CDD448 /* UIGestureRecognizer+PJHelperBlockKit.h */,
				CB3918A72394B58700CDD448 /* UIView+PJHelperBlockKit.m */,
				CB3918A82394B58700CDD448 /* UIButton+PJHelperBlocksKit.m */,
				CB3918A92394B58700CDD448 /* UISlider+PJHelperBlocksKit.m */,
				CB3918AA2394B58700CDD448 /* UIControl+PJHelperBlockKit.h */,
			);
			path = UIBlocksKit;
			sourceTree = "<group>";
		};
		CB3918AB2394B58700CDD448 /* CommonKit */ = {
			isa = PBXGroup;
			children = (
				CB3918AC2394B58700CDD448 /* PJCommonKit.h */,
				CB3918AD2394B58700CDD448 /* PJCommonKit.m */,
			);
			path = CommonKit;
			sourceTree = "<group>";
		};
		CB3918AE2394B58700CDD448 /* Categories */ = {
			isa = PBXGroup;
			children = (
				CB3918B42394B58700CDD448 /* UIView+MBLayout.h */,
				CB3918AF2394B58700CDD448 /* UIView+MBLayout.m */,
				CB3918B52394B58700CDD448 /* UIImage+Extension.h */,
				CB3918B22394B58700CDD448 /* UIImage+Extension.m */,
				CB3918B12394B58700CDD448 /* UIBarButtonItem+Extension.h */,
				CB3918B62394B58700CDD448 /* UIBarButtonItem+Extension.m */,
			);
			path = Categories;
			sourceTree = "<group>";
		};
		CB3918C02394B58800CDD448 /* Resource */ = {
			isa = PBXGroup;
			children = (
				CB4AA55B23A4E33300CF12E9 /* TestImage */,
				CB3918C12394B58800CDD448 /* videoPlayer */,
				CB3918D92394B58800CDD448 /* tabbarImage */,
			);
			path = Resource;
			sourceTree = "<group>";
		};
		CB3918C12394B58800CDD448 /* videoPlayer */ = {
			isa = PBXGroup;
			children = (
				CB3918C22394B58800CDD448 /* big_stop_ic@2x.png */,
				CB3918C32394B58800CDD448 /* unlockButton.png */,
				CB3918C42394B58800CDD448 /* big_stop_ic.png */,
				CB3918C52394B58800CDD448 /* lastButton.png */,
				CB3918C62394B58800CDD448 /* pauseButton.png */,
				CB3918C72394B58800CDD448 /* lockButton@2x.png */,
				CB3918C82394B58800CDD448 /* lockButton.png */,
				CB3918C92394B58800CDD448 /* unlockButton@2x.png */,
				CB3918CA2394B58800CDD448 /* fullScreen@2x.png */,
				CB3918CB2394B58800CDD448 /* download_ic@2x.png */,
				CB3918CC2394B58800CDD448 /* download_ic.png */,
				CB3918CD2394B58800CDD448 /* fullScreen@3x.png */,
				CB3918CE2394B58800CDD448 /* nextButton@2x.png */,
				CB3918CF2394B58800CDD448 /* lastButton@2x.png */,
				CB3918D02394B58800CDD448 /* moreButton@2x.png */,
				CB3918D12394B58800CDD448 /* nextButton.png */,
				CB3918D22394B58800CDD448 /* playerBackButton@2x.png */,
				CB3918D32394B58800CDD448 /* playButton@2x.png */,
				CB3918D42394B58800CDD448 /* moreButton.png */,
				CB3918D52394B58800CDD448 /* pauseButton@2x.png */,
				CB3918D62394B58800CDD448 /* playButton.png */,
				CB3918D72394B58800CDD448 /* BootDiagram.jpg */,
				CB3918D82394B58800CDD448 /* playerBackButton.png */,
			);
			path = videoPlayer;
			sourceTree = "<group>";
		};
		CB3918D92394B58800CDD448 /* tabbarImage */ = {
			isa = PBXGroup;
			children = (
				CB3918DA2394B58800CDD448 /* iosxx_1_on@3x.png */,
				CB3918DB2394B58800CDD448 /* iosxx_1_on@2x.png */,
				CB3918DC2394B58800CDD448 /* iosxx_1@2x.png */,
				CB3918DD2394B58800CDD448 /* iosxx_3@3x.png */,
				CB3918DE2394B58800CDD448 /* iosxx_3@2x.png */,
				CB3918DF2394B58800CDD448 /* iosxx_1@3x.png */,
				CB3918E02394B58800CDD448 /* iosxx_3_on@3x.png */,
				CB3918E12394B58800CDD448 /* iosxx_4@3x.png */,
				CB3918E22394B58800CDD448 /* iosxx_4@2x.png */,
				CB3918E32394B58800CDD448 /* iosxx_3_on@2x.png */,
				CB3918E42394B58800CDD448 /* iosxx_2_on@3x.png */,
				CB3918E52394B58800CDD448 /* iosxx_2@3x.png */,
				CB3918E62394B58800CDD448 /* iosxx_4_on@2x.png */,
				CB3918E72394B58800CDD448 /* iosxx_4_on@3x.png */,
				CB3918E82394B58800CDD448 /* iosxx_2@2x.png */,
				CB3918E92394B58800CDD448 /* iosxx_2_on@2x.png */,
			);
			path = tabbarImage;
			sourceTree = "<group>";
		};
		CB3918EA2394B58800CDD448 /* BaseClassUnits */ = {
			isa = PBXGroup;
			children = (
				CB3918EB2394B58800CDD448 /* BaseClass */,
				CB3918F22394B58800CDD448 /* BaseUnits */,
			);
			path = BaseClassUnits;
			sourceTree = "<group>";
		};
		CB3918EB2394B58800CDD448 /* BaseClass */ = {
			isa = PBXGroup;
			children = (
				CB3918ED2394B58800CDD448 /* PJNavigationBaseController.h */,
				CB3918EF2394B58800CDD448 /* PJNavigationBaseController.m */,
				CB3918EE2394B58800CDD448 /* PJTabBarBaseController.h */,
				CB3918F12394B58800CDD448 /* PJTabBarBaseController.m */,
				CB91F5562394B8F0009756B5 /* PJKnowledgeNotesBaseController.h */,
				CB91F5572394B8F0009756B5 /* PJKnowledgeNotesBaseController.m */,
			);
			path = BaseClass;
			sourceTree = "<group>";
		};
		CB3918F22394B58800CDD448 /* BaseUnits */ = {
			isa = PBXGroup;
			children = (
				CB91F5532394B8A2009756B5 /* PJKnowledgeNotesMainTabBarManger.h */,
				CB91F5542394B8A2009756B5 /* PJKnowledgeNotesMainTabBarManger.m */,
			);
			path = BaseUnits;
			sourceTree = "<group>";
		};
		CB46087024ACD79500AB7CF1 /* MemoryManager */ = {
			isa = PBXGroup;
			children = (
				CB46087724ACD7AA00AB7CF1 /* MemoryManagerController.h */,
				CB46087824ACD7AA00AB7CF1 /* MemoryManagerController.m */,
			);
			path = MemoryManager;
			sourceTree = "<group>";
		};
		CB46087C24AF072900AB7CF1 /* Block */ = {
			isa = PBXGroup;
			children = (
				CB46087D24AF073500AB7CF1 /* BlockViewController.h */,
				CB46087E24AF073500AB7CF1 /* BlockViewController.m */,
				CB46088024AF1FE600AB7CF1 /* shareInstanceTest.h */,
				CB46088124AF1FE600AB7CF1 /* shareInstanceTest.m */,
			);
			path = Block;
			sourceTree = "<group>";
		};
		CB46089D24B44EDF00AB7CF1 /* XHWKWebview */ = {
			isa = PBXGroup;
			children = (
				CB46089E24B44EDF00AB7CF1 /* index.html */,
				CB4608B924B4775800AB7CF1 /* XHWKWebview.h */,
				CB4608B824B4775800AB7CF1 /* XHWKWebview.m */,
				CB4608A224B44EDF00AB7CF1 /* WKWebView+Extension.h */,
				CB4608A024B44EDF00AB7CF1 /* WKWebView+Extension.m */,
				CB4608AA24B44F2F00AB7CF1 /* NSObject+KVOGoalkeeper.h */,
				CB4608A924B44F2F00AB7CF1 /* NSObject+KVOGoalkeeper.m */,
			);
			path = XHWKWebview;
			sourceTree = "<group>";
		};
		CB4AA54623A4DF9300CF12E9 /* DemoTest */ = {
			isa = PBXGroup;
			children = (
				CB4AA54823A4DFBA00CF12E9 /* DemoTestViewController.h */,
				CB4AA54923A4DFBA00CF12E9 /* DemoTestViewController.m */,
				CB46089D24B44EDF00AB7CF1 /* XHWKWebview */,
				CB4AA54F23A4E20600CF12E9 /* UITableView */,
				CB4AA54723A4DF9300CF12E9 /* Runtime */,
				CB23750324A8306000B34EFA /* Responder */,
				CB23757324AC229500B34EFA /* KVOKVC */,
				CB46087024ACD79500AB7CF1 /* MemoryManager */,
				CB46087C24AF072900AB7CF1 /* Block */,
			);
			path = DemoTest;
			sourceTree = "<group>";
		};
		CB4AA54723A4DF9300CF12E9 /* Runtime */ = {
			isa = PBXGroup;
			children = (
				CB4AA55823A4E30100CF12E9 /* RuntimeViewController.h */,
				CB4AA55923A4E30100CF12E9 /* RuntimeViewController.m */,
				CBA4364424B8207000695018 /* RuntimeEmptyTestController.h */,
				CBA4364524B8207000695018 /* RuntimeEmptyTestController.m */,
				CBA4364724B8217800695018 /* RuntimeEmptyTestController.cpp */,
				CB17E21323A889EC00AF6CAC /* NSObject+SafeTool.h */,
				CB17E21223A889EC00AF6CAC /* NSObject+SafeTool.m */,
				CB2374FE24A2F2F400B34EFA /* NSObject+function.h */,
				CB2374FF24A2F2F400B34EFA /* NSObject+function.m */,
				CB2374F1249CC16A00B34EFA /* NSObject+MethodSwizzling.h */,
				CB2374F2249CC16A00B34EFA /* NSObject+MethodSwizzling.m */,
				CB2374EF249CC16900B34EFA /* NSObject+SelectorDefender.h */,
				CB2374F0249CC16900B34EFA /* NSObject+SelectorDefender.m */,
				CB46089424B3217A00AB7CF1 /* NSObject+function1.h */,
				CB46089524B3217A00AB7CF1 /* NSObject+function1.m */,
				CB46089724B3218900AB7CF1 /* NSObject+function2.h */,
				CB46089824B3218900AB7CF1 /* NSObject+function2.m */,
				CB46089A24B326EB00AB7CF1 /* NSObject+function3.h */,
				CB46089B24B326EC00AB7CF1 /* NSObject+function3.m */,
				CB16403924C6FA6600598663 /* hahahahViewController.h */,
				CB16403A24C6FA6600598663 /* hahahahViewController.m */,
				CB16403C24C6FABE00598663 /* hahahahViewController.cpp */,
				CB4AA56323A4E49000CF12E9 /* PJDog.h */,
				CB4AA56423A4E49000CF12E9 /* PJDog.m */,
				CB4AA56123A4E49000CF12E9 /* PJPerson.h */,
				CB4AA56523A4E49000CF12E9 /* PJPerson.m */,
				CB4AA56023A4E49000CF12E9 /* PJThread.h */,
				CB4AA56223A4E49000CF12E9 /* PJThread.m */,
				CB23751A24AAD2CE00B34EFA /* PJHahaha.h */,
				CB23751B24AAD2CE00B34EFA /* PJHahaha.m */,
			);
			path = Runtime;
			sourceTree = "<group>";
		};
		CB4AA54B23A4E1A500CF12E9 /* NSOperation */ = {
			isa = PBXGroup;
			children = (
				CB4AA54C23A4E1A500CF12E9 /* PJNSOperationViewController.h */,
				CB4AA54D23A4E1A500CF12E9 /* PJNSOperationViewController.m */,
			);
			path = NSOperation;
			sourceTree = "<group>";
		};
		CB4AA54F23A4E20600CF12E9 /* UITableView */ = {
			isa = PBXGroup;
			children = (
				CB4AA55223A4E20600CF12E9 /* TestTableViewCell.h */,
				CB4AA55023A4E20600CF12E9 /* TestTableViewCell.m */,
				CB4AA55523A4E21600CF12E9 /* PJTableViewViewController.h */,
				CB4AA55623A4E21600CF12E9 /* PJTableViewViewController.m */,
			);
			path = UITableView;
			sourceTree = "<group>";
		};
		CB4AA55B23A4E33300CF12E9 /* TestImage */ = {
			isa = PBXGroup;
			children = (
				CB4AA55E23A4E37100CF12E9 /* release_homework.jpg */,
			);
			path = TestImage;
			sourceTree = "<group>";
		};
		CB4AA56923A4E50300CF12E9 /* FC笔试题 */ = {
			isa = PBXGroup;
			children = (
				CB4AA56A23A4E51200CF12E9 /* FCViewController.h */,
				CB4AA56B23A4E51200CF12E9 /* FCViewController.m */,
				CB4AA57023A4E57C00CF12E9 /* FCSanboxFileModel.h */,
				CB4AA56F23A4E57C00CF12E9 /* FCSanboxFileModel.m */,
				CB4AA56D23A4E57C00CF12E9 /* Person.h */,
				CB4AA56E23A4E57C00CF12E9 /* Person.m */,
				CB4AA57323A4E58100CF12E9 /* music.mp3 */,
			);
			path = "FC笔试题";
			sourceTree = "<group>";
		};
		CB55A6E923A4E6730059C5B7 /* 常驻线程 */ = {
			isa = PBXGroup;
			children = (
				CB2374F824A1A37800B34EFA /* noVoice.mp3 */,
				CB2374F524A1A1EA00B34EFA /* PermanentThreadManagement.h */,
				CB2374F624A1A1EA00B34EFA /* PermanentThreadManagement.m */,
			);
			name = "常驻线程";
			path = "PJKnowledgeNotes/KnowledgeNotes/常驻线程";
			sourceTree = SOURCE_ROOT;
		};
		CB91F5592394B928009756B5 /* KnowledgeNotes */ = {
			isa = PBXGroup;
			children = (
				CB91F55A2394B941009756B5 /* PJKnowledgeNotesController.h */,
				CB91F55B2394B941009756B5 /* PJKnowledgeNotesController.m */,
				CB91CD2D2395056100C4D7EA /* ViewControllerHelper.h */,
				CB91CD2E2395056100C4D7EA /* ViewControllerHelper.m */,
				CB91CD30239505A000C4D7EA /* ViewControllerModel.h */,
				CB91CD31239505A000C4D7EA /* ViewControllerModel.m */,
				CB4AA54B23A4E1A500CF12E9 /* NSOperation */,
				CB4AA56923A4E50300CF12E9 /* FC笔试题 */,
				CB55A6E923A4E6730059C5B7 /* 常驻线程 */,
			);
			path = KnowledgeNotes;
			sourceTree = "<group>";
		};
		CBA4364B24BD92B300695018 /* PJRoute */ = {
			isa = PBXGroup;
			children = (
				CBA4364C24BD92F900695018 /* PJRoute.h */,
				CBA4364D24BD92F900695018 /* PJRoute.m */,
				CBA4364F24BD999300695018 /* PJRouteURL.h */,
				CBA4365024BD999300695018 /* PJRouteURL.m */,
			);
			name = PJRoute;
			path = PJKnowledgeNotes/PJRoute;
			sourceTree = SOURCE_ROOT;
		};
/* End PBXGroup section */

/* Begin PBXNativeTarget section */
		CB39186D2394AAB100CDD448 /* PJKnowledgeNotes */ = {
			isa = PBXNativeTarget;
			buildConfigurationList = CB3918872394AAB400CDD448 /* Build configuration list for PBXNativeTarget "PJKnowledgeNotes" */;
			buildPhases = (
				CD1308EDEAC69E6F8BC9494C /* [CP] Check Pods Manifest.lock */,
				CB39186A2394AAB100CDD448 /* Sources */,
				CB39186B2394AAB100CDD448 /* Frameworks */,
				CB39186C2394AAB100CDD448 /* Resources */,
				690EB2D9A885EE5DF876076F /* [CP] Embed Pods Frameworks */,
			);
			buildRules = (
			);
			dependencies = (
			);
			name = PJKnowledgeNotes;
			productName = PJKnowledgeNotes;
			productReference = CB39186E2394AAB100CDD448 /* PJKnowledgeNotes.app */;
			productType = "com.apple.product-type.application";
		};
/* End PBXNativeTarget section */

/* Begin PBXProject section */
		CB3918662394AAB100CDD448 /* Project object */ = {
			isa = PBXProject;
			attributes = {
				LastUpgradeCheck = 1110;
				ORGANIZATIONNAME = zhoupengju;
				TargetAttributes = {
					CB39186D2394AAB100CDD448 = {
						CreatedOnToolsVersion = 11.1;
					};
				};
			};
			buildConfigurationList = CB3918692394AAB100CDD448 /* Build configuration list for PBXProject "PJKnowledgeNotes" */;
			compatibilityVersion = "Xcode 9.3";
			developmentRegion = en;
			hasScannedForEncodings = 0;
			knownRegions = (
				en,
				Base,
			);
			mainGroup = CB3918652394AAB100CDD448;
			productRefGroup = CB39186F2394AAB100CDD448 /* Products */;
			projectDirPath = "";
			projectRoot = "";
			targets = (
				CB39186D2394AAB100CDD448 /* PJKnowledgeNotes */,
			);
		};
/* End PBXProject section */

/* Begin PBXResourcesBuildPhase section */
		CB39186C2394AAB100CDD448 /* Resources */ = {
			isa = PBXResourcesBuildPhase;
			buildActionMask = 2147483647;
			files = (
				CB39192C2394B58800CDD448 /* iosxx_2@2x.png in Resources */,
				CB3919192394B58800CDD448 /* moreButton.png in Resources */,
				CB39191D2394B58800CDD448 /* playerBackButton.png in Resources */,
				CB39190E2394B58800CDD448 /* unlockButton@2x.png in Resources */,
				CB3919272394B58800CDD448 /* iosxx_3_on@2x.png in Resources */,
				CB39191E2394B58800CDD448 /* iosxx_1_on@3x.png in Resources */,
				CB3918812394AAB300CDD448 /* LaunchScreen.storyboard in Resources */,
				CB39191C2394B58800CDD448 /* BootDiagram.jpg in Resources */,
				CB3919122394B58800CDD448 /* fullScreen@3x.png in Resources */,
				CB39192A2394B58800CDD448 /* iosxx_4_on@2x.png in Resources */,
				CB3919262394B58800CDD448 /* iosxx_4@2x.png in Resources */,
				CB3919072394B58800CDD448 /* big_stop_ic@2x.png in Resources */,
				CB39187E2394AAB300CDD448 /* Assets.xcassets in Resources */,
				CB3919282394B58800CDD448 /* iosxx_2_on@3x.png in Resources */,
				CB3919292394B58800CDD448 /* iosxx_2@3x.png in Resources */,
				CB39191F2394B58800CDD448 /* iosxx_1_on@2x.png in Resources */,
				CB3919152394B58800CDD448 /* moreButton@2x.png in Resources */,
				CB39187C2394AAB100CDD448 /* Main.storyboard in Resources */,
				CB39192D2394B58800CDD448 /* iosxx_2_on@2x.png in Resources */,
				CB39190F2394B58800CDD448 /* fullScreen@2x.png in Resources */,
				CB39190B2394B58800CDD448 /* pauseButton.png in Resources */,
				CB3919112394B58800CDD448 /* download_ic.png in Resources */,
				CB3919172394B58800CDD448 /* playerBackButton@2x.png in Resources */,
				CB3919132394B58800CDD448 /* nextButton@2x.png in Resources */,
				CB3919202394B58800CDD448 /* iosxx_1@2x.png in Resources */,
				CB4608A324B44EDF00AB7CF1 /* index.html in Resources */,
				CB39191A2394B58800CDD448 /* pauseButton@2x.png in Resources */,
				CB39190A2394B58800CDD448 /* lastButton.png in Resources */,
				CB3919092394B58800CDD448 /* big_stop_ic.png in Resources */,
				CB3919242394B58800CDD448 /* iosxx_3_on@3x.png in Resources */,
				CB3919162394B58800CDD448 /* nextButton.png in Resources */,
				CB3919182394B58800CDD448 /* playButton@2x.png in Resources */,
				CB3919232394B58800CDD448 /* iosxx_1@3x.png in Resources */,
				CB2374F924A1A37800B34EFA /* noVoice.mp3 in Resources */,
				CB4AA57423A4E58100CF12E9 /* music.mp3 in Resources */,
				CB3919212394B58800CDD448 /* iosxx_3@3x.png in Resources */,
				CB3919082394B58800CDD448 /* unlockButton.png in Resources */,
				CB39191B2394B58800CDD448 /* playButton.png in Resources */,
				CB39192B2394B58800CDD448 /* iosxx_4_on@3x.png in Resources */,
				CB3919142394B58800CDD448 /* lastButton@2x.png in Resources */,
				CB39190D2394B58800CDD448 /* lockButton.png in Resources */,
				CB39190C2394B58800CDD448 /* lockButton@2x.png in Resources */,
				CB3919222394B58800CDD448 /* iosxx_3@2x.png in Resources */,
				CB3919252394B58800CDD448 /* iosxx_4@3x.png in Resources */,
				CB3919102394B58800CDD448 /* download_ic@2x.png in Resources */,
				CB4AA55F23A4E37100CF12E9 /* release_homework.jpg in Resources */,
			);
			runOnlyForDeploymentPostprocessing = 0;
		};
/* End PBXResourcesBuildPhase section */

/* Begin PBXShellScriptBuildPhase section */
		690EB2D9A885EE5DF876076F /* [CP] Embed Pods Frameworks */ = {
			isa = PBXShellScriptBuildPhase;
			buildActionMask = 2147483647;
			files = (
			);
			inputFileListPaths = (
				"${PODS_ROOT}/Target Support Files/Pods-PJKnowledgeNotes/Pods-PJKnowledgeNotes-frameworks-${CONFIGURATION}-input-files.xcfilelist",
			);
			name = "[CP] Embed Pods Frameworks";
			outputFileListPaths = (
				"${PODS_ROOT}/Target Support Files/Pods-PJKnowledgeNotes/Pods-PJKnowledgeNotes-frameworks-${CONFIGURATION}-output-files.xcfilelist",
			);
			runOnlyForDeploymentPostprocessing = 0;
			shellPath = /bin/sh;
			shellScript = "\"${PODS_ROOT}/Target Support Files/Pods-PJKnowledgeNotes/Pods-PJKnowledgeNotes-frameworks.sh\"\n";
			showEnvVarsInLog = 0;
		};
		CD1308EDEAC69E6F8BC9494C /* [CP] Check Pods Manifest.lock */ = {
			isa = PBXShellScriptBuildPhase;
			buildActionMask = 2147483647;
			files = (
			);
			inputFileListPaths = (
			);
			inputPaths = (
				"${PODS_PODFILE_DIR_PATH}/Podfile.lock",
				"${PODS_ROOT}/Manifest.lock",
			);
			name = "[CP] Check Pods Manifest.lock";
			outputFileListPaths = (
			);
			outputPaths = (
				"$(DERIVED_FILE_DIR)/Pods-PJKnowledgeNotes-checkManifestLockResult.txt",
			);
			runOnlyForDeploymentPostprocessing = 0;
			shellPath = /bin/sh;
			shellScript = "diff \"${PODS_PODFILE_DIR_PATH}/Podfile.lock\" \"${PODS_ROOT}/Manifest.lock\" > /dev/null\nif [ $? != 0 ] ; then\n    # print error to STDERR\n    echo \"error: The sandbox is not in sync with the Podfile.lock. Run 'pod install' or update your CocoaPods installation.\" >&2\n    exit 1\nfi\n# This output is used by Xcode 'outputs' to avoid re-running this script phase.\necho \"SUCCESS\" > \"${SCRIPT_OUTPUT_FILE_0}\"\n";
			showEnvVarsInLog = 0;
		};
/* End PBXShellScriptBuildPhase section */

/* Begin PBXSourcesBuildPhase section */
		CB39186A2394AAB100CDD448 /* Sources */ = {
			isa = PBXSourcesBuildPhase;
			buildActionMask = 2147483647;
			files = (
				CB23757924AC22FC00B34EFA /* KVOKController.m in Sources */,
				CB91F55C2394B941009756B5 /* PJKnowledgeNotesController.m in Sources */,
				CB4AA55A23A4E30100CF12E9 /* RuntimeViewController.m in Sources */,
				CB46087F24AF073500AB7CF1 /* BlockViewController.m in Sources */,
				CB3919302394B58800CDD448 /* PJTabBarBaseController.m in Sources */,
				CB4608AB24B44F2F00AB7CF1 /* NSObject+KVOGoalkeeper.m in Sources */,
				CB91F5552394B8A2009756B5 /* PJKnowledgeNotesMainTabBarManger.m in Sources */,
				CB2374F724A1A1EA00B34EFA /* PermanentThreadManagement.m in Sources */,
				CB4AA55323A4E20600CF12E9 /* TestTableViewCell.m in Sources */,
				CBA4364624B8207000695018 /* RuntimeEmptyTestController.m in Sources */,
				CB91CD32239505A000C4D7EA /* ViewControllerModel.m in Sources */,
				CB23750024A2F2F400B34EFA /* NSObject+function.m in Sources */,
				CB2374FD24A2F18F00B34EFA /* ThreadManager.m in Sources */,
				CB2374F3249CC16A00B34EFA /* NSObject+SelectorDefender.m in Sources */,
				CB39192E2394B58800CDD448 /* PJNavigationBaseController.m in Sources */,
				CB46087924ACD7AA00AB7CF1 /* MemoryManagerController.m in Sources */,
				CB3918732394AAB100CDD448 /* AppDelegate.m in Sources */,
				CB4AA54A23A4DFBA00CF12E9 /* DemoTestViewController.m in Sources */,
				CB2374F4249CC16A00B34EFA /* NSObject+MethodSwizzling.m in Sources */,
				CB23751C24AAD2CE00B34EFA /* PJHahaha.m in Sources */,
				CB3918FD2394B58800CDD448 /* UISlider+PJHelperBlocksKit.m in Sources */,
				CBA4365124BD999300695018 /* PJRouteURL.m in Sources */,
				CB3918F82394B58800CDD448 /* UIImageView+PJMasonryKit.m in Sources */,
				CB3918F72394B58800CDD448 /* UIView+PJMasonryKit.m in Sources */,
				CB4AA54E23A4E1A500CF12E9 /* PJNSOperationViewController.m in Sources */,
				CB3918842394AAB300CDD448 /* main.m in Sources */,
				CB3918FE2394B58800CDD448 /* PJCommonKit.m in Sources */,
				CB3918FA2394B58800CDD448 /* UIControl+PJHelperBlockKit.m in Sources */,
				CB16403B24C6FA6600598663 /* hahahahViewController.m in Sources */,
				CB91F5582394B8F0009756B5 /* PJKnowledgeNotesBaseController.m in Sources */,
				CB46089924B3218900AB7CF1 /* NSObject+function2.m in Sources */,
				CB46089624B3217A00AB7CF1 /* NSObject+function1.m in Sources */,
				CB4AA56623A4E49000CF12E9 /* PJThread.m in Sources */,
				CB16403D24C6FABE00598663 /* hahahahViewController.cpp in Sources */,
				CB4AA56723A4E49000CF12E9 /* PJDog.m in Sources */,
				CB17E21423A889EC00AF6CAC /* NSObject+SafeTool.m in Sources */,
				CB4AA55723A4E21600CF12E9 /* PJTableViewViewController.m in Sources */,
				CB46089C24B326EC00AB7CF1 /* NSObject+function3.m in Sources */,
				CB23757C24AC231600B34EFA /* KVOKObject.m in Sources */,
				CB3918FF2394B58800CDD448 /* UIView+MBLayout.m in Sources */,
				CBA4364E24BD92F900695018 /* PJRoute.m in Sources */,
				CB4AA56C23A4E51200CF12E9 /* FCViewController.m in Sources */,
				CB3918FB2394B58800CDD448 /* UIView+PJHelperBlockKit.m in Sources */,
				CB4608A524B44EDF00AB7CF1 /* WKWebView+Extension.m in Sources */,
				CB4AA57123A4E57C00CF12E9 /* Person.m in Sources */,
				CB3918F52394B58800CDD448 /* UILabel+PJMasonryKit.m in Sources */,
				CB3918F62394B58800CDD448 /* UITextField+PJMasonryKit.m in Sources */,
				CB4AA57223A4E57C00CF12E9 /* FCSanboxFileModel.m in Sources */,
				CB3919022394B58800CDD448 /* UIBarButtonItem+Extension.m in Sources */,
				CB3919012394B58800CDD448 /* UIImage+Extension.m in Sources */,
				CB91CD2F2395056100C4D7EA /* ViewControllerHelper.m in Sources */,
				CB4AA56823A4E49000CF12E9 /* PJPerson.m in Sources */,
				CB23750624A8308400B34EFA /* ResponderViewController.m in Sources */,
				CB3918F92394B58800CDD448 /* UIGestureRecognizer+PJHelperBlockKit.m in Sources */,
				CB46088224AF1FE600AB7CF1 /* shareInstanceTest.m in Sources */,
				CB3918FC2394B58800CDD448 /* UIButton+PJHelperBlocksKit.m in Sources */,
				CB4608BA24B4775900AB7CF1 /* XHWKWebview.m in Sources */,
			);
			runOnlyForDeploymentPostprocessing = 0;
		};
/* End PBXSourcesBuildPhase section */

/* Begin PBXVariantGroup section */
		CB39187A2394AAB100CDD448 /* Main.storyboard */ = {
			isa = PBXVariantGroup;
			children = (
				CB39187B2394AAB100CDD448 /* Base */,
			);
			name = Main.storyboard;
			sourceTree = "<group>";
		};
		CB39187F2394AAB300CDD448 /* LaunchScreen.storyboard */ = {
			isa = PBXVariantGroup;
			children = (
				CB3918802394AAB300CDD448 /* Base */,
			);
			name = LaunchScreen.storyboard;
			sourceTree = "<group>";
		};
/* End PBXVariantGroup section */

/* Begin XCBuildConfiguration section */
		CB3918852394AAB400CDD448 /* Debug */ = {
			isa = XCBuildConfiguration;
			buildSettings = {
				ALWAYS_SEARCH_USER_PATHS = NO;
				CLANG_ANALYZER_NONNULL = YES;
				CLANG_ANALYZER_NUMBER_OBJECT_CONVERSION = YES_AGGRESSIVE;
				CLANG_CXX_LANGUAGE_STANDARD = "gnu++14";
				CLANG_CXX_LIBRARY = "libc++";
				CLANG_ENABLE_MODULES = YES;
				CLANG_ENABLE_OBJC_ARC = YES;
				CLANG_ENABLE_OBJC_WEAK = YES;
				CLANG_WARN_BLOCK_CAPTURE_AUTORELEASING = YES;
				CLANG_WARN_BOOL_CONVERSION = YES;
				CLANG_WARN_COMMA = YES;
				CLANG_WARN_CONSTANT_CONVERSION = YES;
				CLANG_WARN_DEPRECATED_OBJC_IMPLEMENTATIONS = YES;
				CLANG_WARN_DIRECT_OBJC_ISA_USAGE = YES_ERROR;
				CLANG_WARN_DOCUMENTATION_COMMENTS = YES;
				CLANG_WARN_EMPTY_BODY = YES;
				CLANG_WARN_ENUM_CONVERSION = YES;
				CLANG_WARN_INFINITE_RECURSION = YES;
				CLANG_WARN_INT_CONVERSION = YES;
				CLANG_WARN_NON_LITERAL_NULL_CONVERSION = YES;
				CLANG_WARN_OBJC_IMPLICIT_RETAIN_SELF = YES;
				CLANG_WARN_OBJC_LITERAL_CONVERSION = YES;
				CLANG_WARN_OBJC_ROOT_CLASS = YES_ERROR;
				CLANG_WARN_RANGE_LOOP_ANALYSIS = YES;
				CLANG_WARN_STRICT_PROTOTYPES = YES;
				CLANG_WARN_SUSPICIOUS_MOVE = YES;
				CLANG_WARN_UNGUARDED_AVAILABILITY = YES_AGGRESSIVE;
				CLANG_WARN_UNREACHABLE_CODE = YES;
				CLANG_WARN__DUPLICATE_METHOD_MATCH = YES;
				COPY_PHASE_STRIP = NO;
				DEBUG_INFORMATION_FORMAT = dwarf;
				ENABLE_STRICT_OBJC_MSGSEND = YES;
				ENABLE_TESTABILITY = YES;
				GCC_C_LANGUAGE_STANDARD = gnu11;
				GCC_DYNAMIC_NO_PIC = NO;
				GCC_NO_COMMON_BLOCKS = YES;
				GCC_OPTIMIZATION_LEVEL = 0;
				GCC_PREPROCESSOR_DEFINITIONS = (
					"DEBUG=1",
					"$(inherited)",
				);
				GCC_WARN_64_TO_32_BIT_CONVERSION = YES;
				GCC_WARN_ABOUT_RETURN_TYPE = YES_ERROR;
				GCC_WARN_UNDECLARED_SELECTOR = YES;
				GCC_WARN_UNINITIALIZED_AUTOS = YES_AGGRESSIVE;
				GCC_WARN_UNUSED_FUNCTION = YES;
				GCC_WARN_UNUSED_VARIABLE = YES;
				IPHONEOS_DEPLOYMENT_TARGET = 13.1;
				MTL_ENABLE_DEBUG_INFO = INCLUDE_SOURCE;
				MTL_FAST_MATH = YES;
				ONLY_ACTIVE_ARCH = YES;
				SDKROOT = iphoneos;
			};
			name = Debug;
		};
		CB3918862394AAB400CDD448 /* Release */ = {
			isa = XCBuildConfiguration;
			buildSettings = {
				ALWAYS_SEARCH_USER_PATHS = NO;
				CLANG_ANALYZER_NONNULL = YES;
				CLANG_ANALYZER_NUMBER_OBJECT_CONVERSION = YES_AGGRESSIVE;
				CLANG_CXX_LANGUAGE_STANDARD = "gnu++14";
				CLANG_CXX_LIBRARY = "libc++";
				CLANG_ENABLE_MODULES = YES;
				CLANG_ENABLE_OBJC_ARC = YES;
				CLANG_ENABLE_OBJC_WEAK = YES;
				CLANG_WARN_BLOCK_CAPTURE_AUTORELEASING = YES;
				CLANG_WARN_BOOL_CONVERSION = YES;
				CLANG_WARN_COMMA = YES;
				CLANG_WARN_CONSTANT_CONVERSION = YES;
				CLANG_WARN_DEPRECATED_OBJC_IMPLEMENTATIONS = YES;
				CLANG_WARN_DIRECT_OBJC_ISA_USAGE = YES_ERROR;
				CLANG_WARN_DOCUMENTATION_COMMENTS = YES;
				CLANG_WARN_EMPTY_BODY = YES;
				CLANG_WARN_ENUM_CONVERSION = YES;
				CLANG_WARN_INFINITE_RECURSION = YES;
				CLANG_WARN_INT_CONVERSION = YES;
				CLANG_WARN_NON_LITERAL_NULL_CONVERSION = YES;
				CLANG_WARN_OBJC_IMPLICIT_RETAIN_SELF = YES;
				CLANG_WARN_OBJC_LITERAL_CONVERSION = YES;
				CLANG_WARN_OBJC_ROOT_CLASS = YES_ERROR;
				CLANG_WARN_RANGE_LOOP_ANALYSIS = YES;
				CLANG_WARN_STRICT_PROTOTYPES = YES;
				CLANG_WARN_SUSPICIOUS_MOVE = YES;
				CLANG_WARN_UNGUARDED_AVAILABILITY = YES_AGGRESSIVE;
				CLANG_WARN_UNREACHABLE_CODE = YES;
				CLANG_WARN__DUPLICATE_METHOD_MATCH = YES;
				COPY_PHASE_STRIP = NO;
				DEBUG_INFORMATION_FORMAT = "dwarf-with-dsym";
				ENABLE_NS_ASSERTIONS = NO;
				ENABLE_STRICT_OBJC_MSGSEND = YES;
				GCC_C_LANGUAGE_STANDARD = gnu11;
				GCC_NO_COMMON_BLOCKS = YES;
				GCC_WARN_64_TO_32_BIT_CONVERSION = YES;
				GCC_WARN_ABOUT_RETURN_TYPE = YES_ERROR;
				GCC_WARN_UNDECLARED_SELECTOR = YES;
				GCC_WARN_UNINITIALIZED_AUTOS = YES_AGGRESSIVE;
				GCC_WARN_UNUSED_FUNCTION = YES;
				GCC_WARN_UNUSED_VARIABLE = YES;
				IPHONEOS_DEPLOYMENT_TARGET = 13.1;
				MTL_ENABLE_DEBUG_INFO = NO;
				MTL_FAST_MATH = YES;
				SDKROOT = iphoneos;
				VALIDATE_PRODUCT = YES;
			};
			name = Release;
		};
		CB3918882394AAB400CDD448 /* Debug */ = {
			isa = XCBuildConfiguration;
			baseConfigurationReference = 3F9ACBF806EC55739F2D40E6 /* Pods-PJKnowledgeNotes.debug.xcconfig */;
			buildSettings = {
				ASSETCATALOG_COMPILER_APPICON_NAME = AppIcon;
				CODE_SIGN_STYLE = Automatic;
				DEVELOPMENT_TEAM = B3U2V9CB2T;
				GCC_PREFIX_HEADER = "$(SRCROOT)/$(PROJECT_NAME)/PrefixHeader.pch";
				INFOPLIST_FILE = PJKnowledgeNotes/Info.plist;
				IPHONEOS_DEPLOYMENT_TARGET = 9.0;
				LD_RUNPATH_SEARCH_PATHS = (
					"$(inherited)",
					"@executable_path/Frameworks",
				);
				PRODUCT_BUNDLE_IDENTIFIER = com.zhoupengju.www.PJKnowledgeNotes;
				PRODUCT_NAME = "$(TARGET_NAME)";
				TARGETED_DEVICE_FAMILY = "1,2";
			};
			name = Debug;
		};
		CB3918892394AAB400CDD448 /* Release */ = {
			isa = XCBuildConfiguration;
			baseConfigurationReference = 7AF0718D09F48FB137E30405 /* Pods-PJKnowledgeNotes.release.xcconfig */;
			buildSettings = {
				ASSETCATALOG_COMPILER_APPICON_NAME = AppIcon;
				CODE_SIGN_STYLE = Automatic;
				DEVELOPMENT_TEAM = B3U2V9CB2T;
				GCC_PREFIX_HEADER = "$(SRCROOT)/$(PROJECT_NAME)/PrefixHeader.pch";
				INFOPLIST_FILE = PJKnowledgeNotes/Info.plist;
				IPHONEOS_DEPLOYMENT_TARGET = 9.0;
				LD_RUNPATH_SEARCH_PATHS = (
					"$(inherited)",
					"@executable_path/Frameworks",
				);
				PRODUCT_BUNDLE_IDENTIFIER = com.zhoupengju.www.PJKnowledgeNotes;
				PRODUCT_NAME = "$(TARGET_NAME)";
				TARGETED_DEVICE_FAMILY = "1,2";
			};
			name = Release;
		};
/* End XCBuildConfiguration section */

/* Begin XCConfigurationList section */
		CB3918692394AAB100CDD448 /* Build configuration list for PBXProject "PJKnowledgeNotes" */ = {
			isa = XCConfigurationList;
			buildConfigurations = (
				CB3918852394AAB400CDD448 /* Debug */,
				CB3918862394AAB400CDD448 /* Release */,
			);
			defaultConfigurationIsVisible = 0;
			defaultConfigurationName = Release;
		};
		CB3918872394AAB400CDD448 /* Build configuration list for PBXNativeTarget "PJKnowledgeNotes" */ = {
			isa = XCConfigurationList;
			buildConfigurations = (
				CB3918882394AAB400CDD448 /* Debug */,
				CB3918892394AAB400CDD448 /* Release */,
			);
			defaultConfigurationIsVisible = 0;
			defaultConfigurationName = Release;
		};
/* End XCConfigurationList section */
	};
	rootObject = CB3918662394AAB100CDD448 /* Project object */;
}
